// !$*UTF8*$!
{
	archiveVersion = 1;
	classes = {
	};
	objectVersion = 46;
	objects = {

/* Begin PBXBuildFile section */
		B41CB0181A19565E004A5908 /* AppDelegate.swift in Sources */ = {isa = PBXBuildFile; fileRef = B41CB0171A19565E004A5908 /* AppDelegate.swift */; };
		B41CB01A1A19565E004A5908 /* ViewController.swift in Sources */ = {isa = PBXBuildFile; fileRef = B41CB0191A19565E004A5908 /* ViewController.swift */; };
		B41CB01D1A19565E004A5908 /* Main.storyboard in Resources */ = {isa = PBXBuildFile; fileRef = B41CB01B1A19565E004A5908 /* Main.storyboard */; };
		B41CB01F1A19565E004A5908 /* Images.xcassets in Resources */ = {isa = PBXBuildFile; fileRef = B41CB01E1A19565E004A5908 /* Images.xcassets */; };
		B41CB0221A19565E004A5908 /* LaunchScreen.xib in Resources */ = {isa = PBXBuildFile; fileRef = B41CB0201A19565E004A5908 /* LaunchScreen.xib */; };
		B41CB02E1A19565E004A5908 /* CoinvertTests.swift in Sources */ = {isa = PBXBuildFile; fileRef = B41CB02D1A19565E004A5908 /* CoinvertTests.swift */; };
		B41CB0381A1A5046004A5908 /* MenuTransitionManager.swift in Sources */ = {isa = PBXBuildFile; fileRef = B41CB0371A1A5046004A5908 /* MenuTransitionManager.swift */; };
		B41CB03A1A1A5059004A5908 /* TransitionManager.swift in Sources */ = {isa = PBXBuildFile; fileRef = B41CB0391A1A5059004A5908 /* TransitionManager.swift */; };
		B41CB04D1A1A5BE9004A5908 /* MenuViewController.swift in Sources */ = {isa = PBXBuildFile; fileRef = B41CB04C1A1A5BE9004A5908 /* MenuViewController.swift */; };
		B41CB04F1A1A9934004A5908 /* MenuViewController2.swift in Sources */ = {isa = PBXBuildFile; fileRef = B41CB04E1A1A9934004A5908 /* MenuViewController2.swift */; };
		B41CB0511A1A9C18004A5908 /* MenuTransitionManager2.swift in Sources */ = {isa = PBXBuildFile; fileRef = B41CB0501A1A9C18004A5908 /* MenuTransitionManager2.swift */; };
		B42B52B81A2FEDAB002CBA91 /* RacingSansOne-Regular copy.otf in Resources */ = {isa = PBXBuildFile; fileRef = B42B52B51A2FD71D002CBA91 /* RacingSansOne-Regular copy.otf */; };
		B42B52C61A300355002CBA91 /* Down.png in Resources */ = {isa = PBXBuildFile; fileRef = B42B52C51A300355002CBA91 /* Down.png */; };
		B42B52D01A301552002CBA91 /* coinvert.png in Resources */ = {isa = PBXBuildFile; fileRef = B42B52CF1A301552002CBA91 /* coinvert.png */; };
		B42B52E01A30288F002CBA91 /* colors.png in Resources */ = {isa = PBXBuildFile; fileRef = B42B52DF1A30288F002CBA91 /* colors.png */; };
		B42B52E81A302B41002CBA91 /* txButton.png in Resources */ = {isa = PBXBuildFile; fileRef = B42B52E71A302B41002CBA91 /* txButton.png */; };
		B42B52EA1A302BD1002CBA91 /* switch.png in Resources */ = {isa = PBXBuildFile; fileRef = B42B52E91A302BD1002CBA91 /* switch.png */; };
		B42B52F01A3040FA002CBA91 /* qr.png in Resources */ = {isa = PBXBuildFile; fileRef = B42B52EF1A3040FA002CBA91 /* qr.png */; };
		B42B52F21A3041E2002CBA91 /* qr1.png in Resources */ = {isa = PBXBuildFile; fileRef = B42B52F11A3041E2002CBA91 /* qr1.png */; };
		B42B52F41A304429002CBA91 /* launchscreen.png in Resources */ = {isa = PBXBuildFile; fileRef = B42B52F31A304429002CBA91 /* launchscreen.png */; };
		B42B52F61A30BA89002CBA91 /* sendscreen.png in Resources */ = {isa = PBXBuildFile; fileRef = B42B52F51A30BA89002CBA91 /* sendscreen.png */; };
		B42B52F81A30DC10002CBA91 /* copy.png in Resources */ = {isa = PBXBuildFile; fileRef = B42B52F71A30DC10002CBA91 /* copy.png */; };
		B42B52FA1A30DC80002CBA91 /* copied.png in Resources */ = {isa = PBXBuildFile; fileRef = B42B52F91A30DC80002CBA91 /* copied.png */; };
		B42B52FC1A30EB7F002CBA91 /* info.png in Resources */ = {isa = PBXBuildFile; fileRef = B42B52FB1A30EB7F002CBA91 /* info.png */; };
		B42B530A1A3119B7002CBA91 /* cancel.png in Resources */ = {isa = PBXBuildFile; fileRef = B42B53091A3119B7002CBA91 /* cancel.png */; };
		B42B530C1A312A3E002CBA91 /* popup.png in Resources */ = {isa = PBXBuildFile; fileRef = B42B530B1A312A3E002CBA91 /* popup.png */; };
		B42B530E1A31752D002CBA91 /* cxl.png in Resources */ = {isa = PBXBuildFile; fileRef = B42B530D1A31752D002CBA91 /* cxl.png */; };
		B42B53101A317DA9002CBA91 /* depositCopied.png in Resources */ = {isa = PBXBuildFile; fileRef = B42B530F1A317DA9002CBA91 /* depositCopied.png */; };
		B42B53121A317DB4002CBA91 /* depositAmountCopied.png in Resources */ = {isa = PBXBuildFile; fileRef = B42B53111A317DB4002CBA91 /* depositAmountCopied.png */; };
		B44E72C61A1BCBA700B3F5EC /* QRCodeReader.swift in Sources */ = {isa = PBXBuildFile; fileRef = B44E72C31A1BCBA700B3F5EC /* QRCodeReader.swift */; };
		B44E72C71A1BCBA700B3F5EC /* ReaderView.swift in Sources */ = {isa = PBXBuildFile; fileRef = B44E72C41A1BCBA700B3F5EC /* ReaderView.swift */; };
		B44E72C81A1BCBA700B3F5EC /* SwitchCameraButton.swift in Sources */ = {isa = PBXBuildFile; fileRef = B44E72C51A1BCBA700B3F5EC /* SwitchCameraButton.swift */; };
		B45352A11A32A88200CF2A0A /* cover.png in Resources */ = {isa = PBXBuildFile; fileRef = B45352A01A32A88200CF2A0A /* cover.png */; };
		B45352C21A32B4AB00CF2A0A /* dogecoin.png in Resources */ = {isa = PBXBuildFile; fileRef = B45352BA1A32B4AB00CF2A0A /* dogecoin.png */; };
		B45352C31A32B4AB00CF2A0A /* litecoin.png in Resources */ = {isa = PBXBuildFile; fileRef = B45352BB1A32B4AB00CF2A0A /* litecoin.png */; };
		B45352C41A32B4AB00CF2A0A /* namecoin.png in Resources */ = {isa = PBXBuildFile; fileRef = B45352BC1A32B4AB00CF2A0A /* namecoin.png */; };
		B45352C51A32B4AB00CF2A0A /* darkcoin.png in Resources */ = {isa = PBXBuildFile; fileRef = B45352BD1A32B4AB00CF2A0A /* darkcoin.png */; };
		B45352C61A32B4AB00CF2A0A /* bitcoin.png in Resources */ = {isa = PBXBuildFile; fileRef = B45352BE1A32B4AB00CF2A0A /* bitcoin.png */; };
		B45352C71A32B4AB00CF2A0A /* blackcoin.png in Resources */ = {isa = PBXBuildFile; fileRef = B45352BF1A32B4AB00CF2A0A /* blackcoin.png */; };
		B45352C81A32B4AB00CF2A0A /* feathercoin.png in Resources */ = {isa = PBXBuildFile; fileRef = B45352C01A32B4AB00CF2A0A /* feathercoin.png */; };
		B45352CB1A32B6CF00CF2A0A /* peercoin.png in Resources */ = {isa = PBXBuildFile; fileRef = B45352CA1A32B6CF00CF2A0A /* peercoin.png */; };
		B45352CD1A32F8E000CF2A0A /* middlearrow.png in Resources */ = {isa = PBXBuildFile; fileRef = B45352CC1A32F8E000CF2A0A /* middlearrow.png */; };
		B45352CF1A32F90B00CF2A0A /* sendbg.png in Resources */ = {isa = PBXBuildFile; fileRef = B45352CE1A32F90B00CF2A0A /* sendbg.png */; };
		B45352D71A33B37200CF2A0A /* popupforestmax.png in Resources */ = {isa = PBXBuildFile; fileRef = B45352D61A33B37200CF2A0A /* popupforestmax.png */; };
		B48DB7C91A1B8216002FBD16 /* bitstream.c in Sources */ = {isa = PBXBuildFile; fileRef = B48DB7B91A1B8216002FBD16 /* bitstream.c */; };
		B48DB7CA1A1B8216002FBD16 /* mask.c in Sources */ = {isa = PBXBuildFile; fileRef = B48DB7BB1A1B8216002FBD16 /* mask.c */; };
		B48DB7CB1A1B8216002FBD16 /* qrencode.c in Sources */ = {isa = PBXBuildFile; fileRef = B48DB7BD1A1B8216002FBD16 /* qrencode.c */; };
		B48DB7CC1A1B8216002FBD16 /* qrinput.c in Sources */ = {isa = PBXBuildFile; fileRef = B48DB7BF1A1B8216002FBD16 /* qrinput.c */; };
		B48DB7CD1A1B8216002FBD16 /* qrspec.c in Sources */ = {isa = PBXBuildFile; fileRef = B48DB7C11A1B8216002FBD16 /* qrspec.c */; };
		B48DB7CE1A1B8216002FBD16 /* rscode.c in Sources */ = {isa = PBXBuildFile; fileRef = B48DB7C31A1B8216002FBD16 /* rscode.c */; };
		B48DB7CF1A1B8216002FBD16 /* split.c in Sources */ = {isa = PBXBuildFile; fileRef = B48DB7C51A1B8216002FBD16 /* split.c */; };
		B48DB7D01A1B8216002FBD16 /* UIImage+MDQRCode.m in Sources */ = {isa = PBXBuildFile; fileRef = B48DB7C81A1B8216002FBD16 /* UIImage+MDQRCode.m */; };
		B48DB7D91A1B8401002FBD16 /* SendViewController.swift in Sources */ = {isa = PBXBuildFile; fileRef = B48DB7D81A1B8401002FBD16 /* SendViewController.swift */; };
/* End PBXBuildFile section */

/* Begin PBXContainerItemProxy section */
		B41CB0281A19565E004A5908 /* PBXContainerItemProxy */ = {
			isa = PBXContainerItemProxy;
			containerPortal = B41CB00A1A19565E004A5908 /* Project object */;
			proxyType = 1;
			remoteGlobalIDString = B41CB0111A19565E004A5908;
			remoteInfo = Coinvert;
		};
/* End PBXContainerItemProxy section */

/* Begin PBXFileReference section */
		B41CB0121A19565E004A5908 /* Coinvert.app */ = {isa = PBXFileReference; explicitFileType = wrapper.application; includeInIndex = 0; path = Coinvert.app; sourceTree = BUILT_PRODUCTS_DIR; };
		B41CB0161A19565E004A5908 /* Info.plist */ = {isa = PBXFileReference; lastKnownFileType = text.plist.xml; path = Info.plist; sourceTree = "<group>"; };
		B41CB0171A19565E004A5908 /* AppDelegate.swift */ = {isa = PBXFileReference; lastKnownFileType = sourcecode.swift; path = AppDelegate.swift; sourceTree = "<group>"; };
		B41CB0191A19565E004A5908 /* ViewController.swift */ = {isa = PBXFileReference; lastKnownFileType = sourcecode.swift; path = ViewController.swift; sourceTree = "<group>"; };
		B41CB01C1A19565E004A5908 /* Base */ = {isa = PBXFileReference; lastKnownFileType = file.storyboard; name = Base; path = Base.lproj/Main.storyboard; sourceTree = "<group>"; };
		B41CB01E1A19565E004A5908 /* Images.xcassets */ = {isa = PBXFileReference; lastKnownFileType = folder.assetcatalog; path = Images.xcassets; sourceTree = "<group>"; };
		B41CB0211A19565E004A5908 /* Base */ = {isa = PBXFileReference; lastKnownFileType = file.xib; name = Base; path = Base.lproj/LaunchScreen.xib; sourceTree = "<group>"; };
		B41CB0271A19565E004A5908 /* CoinvertTests.xctest */ = {isa = PBXFileReference; explicitFileType = wrapper.cfbundle; includeInIndex = 0; path = CoinvertTests.xctest; sourceTree = BUILT_PRODUCTS_DIR; };
		B41CB02C1A19565E004A5908 /* Info.plist */ = {isa = PBXFileReference; lastKnownFileType = text.plist.xml; path = Info.plist; sourceTree = "<group>"; };
		B41CB02D1A19565E004A5908 /* CoinvertTests.swift */ = {isa = PBXFileReference; lastKnownFileType = sourcecode.swift; path = CoinvertTests.swift; sourceTree = "<group>"; };
		B41CB0371A1A5046004A5908 /* MenuTransitionManager.swift */ = {isa = PBXFileReference; fileEncoding = 4; lastKnownFileType = sourcecode.swift; path = MenuTransitionManager.swift; sourceTree = "<group>"; };
		B41CB0391A1A5059004A5908 /* TransitionManager.swift */ = {isa = PBXFileReference; fileEncoding = 4; lastKnownFileType = sourcecode.swift; path = TransitionManager.swift; sourceTree = "<group>"; };
		B41CB04C1A1A5BE9004A5908 /* MenuViewController.swift */ = {isa = PBXFileReference; fileEncoding = 4; lastKnownFileType = sourcecode.swift; path = MenuViewController.swift; sourceTree = "<group>"; };
		B41CB04E1A1A9934004A5908 /* MenuViewController2.swift */ = {isa = PBXFileReference; fileEncoding = 4; lastKnownFileType = sourcecode.swift; path = MenuViewController2.swift; sourceTree = "<group>"; };
		B41CB0501A1A9C18004A5908 /* MenuTransitionManager2.swift */ = {isa = PBXFileReference; fileEncoding = 4; lastKnownFileType = sourcecode.swift; path = MenuTransitionManager2.swift; sourceTree = "<group>"; };
		B42B52B51A2FD71D002CBA91 /* RacingSansOne-Regular copy.otf */ = {isa = PBXFileReference; lastKnownFileType = file; name = "RacingSansOne-Regular copy.otf"; path = "../RacingSansOne-Regular copy.otf"; sourceTree = "<group>"; };
		B42B52C51A300355002CBA91 /* Down.png */ = {isa = PBXFileReference; lastKnownFileType = image.png; path = Down.png; sourceTree = "<group>"; };
		B42B52CF1A301552002CBA91 /* coinvert.png */ = {isa = PBXFileReference; lastKnownFileType = image.png; path = coinvert.png; sourceTree = "<group>"; };
		B42B52DF1A30288F002CBA91 /* colors.png */ = {isa = PBXFileReference; lastKnownFileType = image.png; path = colors.png; sourceTree = "<group>"; };
		B42B52E71A302B41002CBA91 /* txButton.png */ = {isa = PBXFileReference; lastKnownFileType = image.png; path = txButton.png; sourceTree = "<group>"; };
		B42B52E91A302BD1002CBA91 /* switch.png */ = {isa = PBXFileReference; lastKnownFileType = image.png; path = switch.png; sourceTree = "<group>"; };
		B42B52EF1A3040FA002CBA91 /* qr.png */ = {isa = PBXFileReference; lastKnownFileType = image.png; path = qr.png; sourceTree = "<group>"; };
		B42B52F11A3041E2002CBA91 /* qr1.png */ = {isa = PBXFileReference; lastKnownFileType = image.png; path = qr1.png; sourceTree = "<group>"; };
		B42B52F31A304429002CBA91 /* launchscreen.png */ = {isa = PBXFileReference; lastKnownFileType = image.png; path = launchscreen.png; sourceTree = "<group>"; };
		B42B52F51A30BA89002CBA91 /* sendscreen.png */ = {isa = PBXFileReference; lastKnownFileType = image.png; path = sendscreen.png; sourceTree = "<group>"; };
		B42B52F71A30DC10002CBA91 /* copy.png */ = {isa = PBXFileReference; lastKnownFileType = image.png; path = copy.png; sourceTree = "<group>"; };
		B42B52F91A30DC80002CBA91 /* copied.png */ = {isa = PBXFileReference; lastKnownFileType = image.png; path = copied.png; sourceTree = "<group>"; };
		B42B52FB1A30EB7F002CBA91 /* info.png */ = {isa = PBXFileReference; lastKnownFileType = image.png; path = info.png; sourceTree = "<group>"; };
		B42B53091A3119B7002CBA91 /* cancel.png */ = {isa = PBXFileReference; lastKnownFileType = image.png; path = cancel.png; sourceTree = "<group>"; };
		B42B530B1A312A3E002CBA91 /* popup.png */ = {isa = PBXFileReference; lastKnownFileType = image.png; path = popup.png; sourceTree = "<group>"; };
		B42B530D1A31752D002CBA91 /* cxl.png */ = {isa = PBXFileReference; lastKnownFileType = image.png; path = cxl.png; sourceTree = "<group>"; };
		B42B530F1A317DA9002CBA91 /* depositCopied.png */ = {isa = PBXFileReference; lastKnownFileType = image.png; path = depositCopied.png; sourceTree = "<group>"; };
		B42B53111A317DB4002CBA91 /* depositAmountCopied.png */ = {isa = PBXFileReference; lastKnownFileType = image.png; path = depositAmountCopied.png; sourceTree = "<group>"; };
		B44E72C31A1BCBA700B3F5EC /* QRCodeReader.swift */ = {isa = PBXFileReference; fileEncoding = 4; lastKnownFileType = sourcecode.swift; path = QRCodeReader.swift; sourceTree = "<group>"; };
		B44E72C41A1BCBA700B3F5EC /* ReaderView.swift */ = {isa = PBXFileReference; fileEncoding = 4; lastKnownFileType = sourcecode.swift; path = ReaderView.swift; sourceTree = "<group>"; };
		B44E72C51A1BCBA700B3F5EC /* SwitchCameraButton.swift */ = {isa = PBXFileReference; fileEncoding = 4; lastKnownFileType = sourcecode.swift; path = SwitchCameraButton.swift; sourceTree = "<group>"; };
		B45352A01A32A88200CF2A0A /* cover.png */ = {isa = PBXFileReference; lastKnownFileType = image.png; path = cover.png; sourceTree = "<group>"; };
		B45352BA1A32B4AB00CF2A0A /* dogecoin.png */ = {isa = PBXFileReference; lastKnownFileType = image.png; path = dogecoin.png; sourceTree = "<group>"; };
		B45352BB1A32B4AB00CF2A0A /* litecoin.png */ = {isa = PBXFileReference; lastKnownFileType = image.png; path = litecoin.png; sourceTree = "<group>"; };
		B45352BC1A32B4AB00CF2A0A /* namecoin.png */ = {isa = PBXFileReference; lastKnownFileType = image.png; path = namecoin.png; sourceTree = "<group>"; };
		B45352BD1A32B4AB00CF2A0A /* darkcoin.png */ = {isa = PBXFileReference; lastKnownFileType = image.png; path = darkcoin.png; sourceTree = "<group>"; };
		B45352BE1A32B4AB00CF2A0A /* bitcoin.png */ = {isa = PBXFileReference; lastKnownFileType = image.png; path = bitcoin.png; sourceTree = "<group>"; };
		B45352BF1A32B4AB00CF2A0A /* blackcoin.png */ = {isa = PBXFileReference; lastKnownFileType = image.png; path = blackcoin.png; sourceTree = "<group>"; };
		B45352C01A32B4AB00CF2A0A /* feathercoin.png */ = {isa = PBXFileReference; lastKnownFileType = image.png; path = feathercoin.png; sourceTree = "<group>"; };
		B45352CA1A32B6CF00CF2A0A /* peercoin.png */ = {isa = PBXFileReference; lastKnownFileType = image.png; path = peercoin.png; sourceTree = "<group>"; };
		B45352CC1A32F8E000CF2A0A /* middlearrow.png */ = {isa = PBXFileReference; lastKnownFileType = image.png; path = middlearrow.png; sourceTree = "<group>"; };
		B45352CE1A32F90B00CF2A0A /* sendbg.png */ = {isa = PBXFileReference; lastKnownFileType = image.png; path = sendbg.png; sourceTree = "<group>"; };
		B45352D61A33B37200CF2A0A /* popupforestmax.png */ = {isa = PBXFileReference; lastKnownFileType = image.png; path = popupforestmax.png; sourceTree = "<group>"; };
		B48DB7B91A1B8216002FBD16 /* bitstream.c */ = {isa = PBXFileReference; fileEncoding = 4; lastKnownFileType = sourcecode.c.c; path = bitstream.c; sourceTree = "<group>"; };
		B48DB7BA1A1B8216002FBD16 /* bitstream.h */ = {isa = PBXFileReference; fileEncoding = 4; lastKnownFileType = sourcecode.c.h; path = bitstream.h; sourceTree = "<group>"; };
		B48DB7BB1A1B8216002FBD16 /* mask.c */ = {isa = PBXFileReference; fileEncoding = 4; lastKnownFileType = sourcecode.c.c; path = mask.c; sourceTree = "<group>"; };
		B48DB7BC1A1B8216002FBD16 /* mask.h */ = {isa = PBXFileReference; fileEncoding = 4; lastKnownFileType = sourcecode.c.h; path = mask.h; sourceTree = "<group>"; };
		B48DB7BD1A1B8216002FBD16 /* qrencode.c */ = {isa = PBXFileReference; fileEncoding = 4; lastKnownFileType = sourcecode.c.c; path = qrencode.c; sourceTree = "<group>"; };
		B48DB7BE1A1B8216002FBD16 /* qrencode.h */ = {isa = PBXFileReference; fileEncoding = 4; lastKnownFileType = sourcecode.c.h; path = qrencode.h; sourceTree = "<group>"; };
		B48DB7BF1A1B8216002FBD16 /* qrinput.c */ = {isa = PBXFileReference; fileEncoding = 4; lastKnownFileType = sourcecode.c.c; path = qrinput.c; sourceTree = "<group>"; };
		B48DB7C01A1B8216002FBD16 /* qrinput.h */ = {isa = PBXFileReference; fileEncoding = 4; lastKnownFileType = sourcecode.c.h; path = qrinput.h; sourceTree = "<group>"; };
		B48DB7C11A1B8216002FBD16 /* qrspec.c */ = {isa = PBXFileReference; fileEncoding = 4; lastKnownFileType = sourcecode.c.c; path = qrspec.c; sourceTree = "<group>"; };
		B48DB7C21A1B8216002FBD16 /* qrspec.h */ = {isa = PBXFileReference; fileEncoding = 4; lastKnownFileType = sourcecode.c.h; path = qrspec.h; sourceTree = "<group>"; };
		B48DB7C31A1B8216002FBD16 /* rscode.c */ = {isa = PBXFileReference; fileEncoding = 4; lastKnownFileType = sourcecode.c.c; path = rscode.c; sourceTree = "<group>"; };
		B48DB7C41A1B8216002FBD16 /* rscode.h */ = {isa = PBXFileReference; fileEncoding = 4; lastKnownFileType = sourcecode.c.h; path = rscode.h; sourceTree = "<group>"; };
		B48DB7C51A1B8216002FBD16 /* split.c */ = {isa = PBXFileReference; fileEncoding = 4; lastKnownFileType = sourcecode.c.c; path = split.c; sourceTree = "<group>"; };
		B48DB7C61A1B8216002FBD16 /* split.h */ = {isa = PBXFileReference; fileEncoding = 4; lastKnownFileType = sourcecode.c.h; path = split.h; sourceTree = "<group>"; };
		B48DB7C71A1B8216002FBD16 /* UIImage+MDQRCode.h */ = {isa = PBXFileReference; fileEncoding = 4; lastKnownFileType = sourcecode.c.h; path = "UIImage+MDQRCode.h"; sourceTree = "<group>"; };
		B48DB7C81A1B8216002FBD16 /* UIImage+MDQRCode.m */ = {isa = PBXFileReference; fileEncoding = 4; lastKnownFileType = sourcecode.c.objc; path = "UIImage+MDQRCode.m"; sourceTree = "<group>"; };
		B48DB7D71A1B82D2002FBD16 /* Coinvert-Bridging-Header.h */ = {isa = PBXFileReference; lastKnownFileType = sourcecode.c.h; path = "Coinvert-Bridging-Header.h"; sourceTree = "<group>"; };
		B48DB7D81A1B8401002FBD16 /* SendViewController.swift */ = {isa = PBXFileReference; fileEncoding = 4; lastKnownFileType = sourcecode.swift; path = SendViewController.swift; sourceTree = "<group>"; };
/* End PBXFileReference section */

/* Begin PBXFrameworksBuildPhase section */
		B41CB00F1A19565E004A5908 /* Frameworks */ = {
			isa = PBXFrameworksBuildPhase;
			buildActionMask = 2147483647;
			files = (
			);
			runOnlyForDeploymentPostprocessing = 0;
		};
		B41CB0241A19565E004A5908 /* Frameworks */ = {
			isa = PBXFrameworksBuildPhase;
			buildActionMask = 2147483647;
			files = (
			);
			runOnlyForDeploymentPostprocessing = 0;
		};
/* End PBXFrameworksBuildPhase section */

/* Begin PBXGroup section */
		B41CB0091A19565E004A5908 = {
			isa = PBXGroup;
			children = (
				B48DB7D71A1B82D2002FBD16 /* Coinvert-Bridging-Header.h */,
				B44E72C21A1BCBA700B3F5EC /* QRCodeReader */,
				B48DB7B71A1B8216002FBD16 /* QR */,
				B41CB03B1A1A5442004A5908 /* Images */,
				B41CB0141A19565E004A5908 /* Coinvert */,
				B41CB02A1A19565E004A5908 /* CoinvertTests */,
				B41CB0131A19565E004A5908 /* Products */,
			);
			sourceTree = "<group>";
		};
		B41CB0131A19565E004A5908 /* Products */ = {
			isa = PBXGroup;
			children = (
				B41CB0121A19565E004A5908 /* Coinvert.app */,
				B41CB0271A19565E004A5908 /* CoinvertTests.xctest */,
			);
			name = Products;
			sourceTree = "<group>";
		};
		B41CB0141A19565E004A5908 /* Coinvert */ = {
			isa = PBXGroup;
			children = (
				B41CB0171A19565E004A5908 /* AppDelegate.swift */,
				B41CB0391A1A5059004A5908 /* TransitionManager.swift */,
				B41CB0371A1A5046004A5908 /* MenuTransitionManager.swift */,
				B41CB04C1A1A5BE9004A5908 /* MenuViewController.swift */,
				B41CB04E1A1A9934004A5908 /* MenuViewController2.swift */,
				B41CB0501A1A9C18004A5908 /* MenuTransitionManager2.swift */,
				B41CB0191A19565E004A5908 /* ViewController.swift */,
				B48DB7D81A1B8401002FBD16 /* SendViewController.swift */,
				B41CB01B1A19565E004A5908 /* Main.storyboard */,
				B41CB01E1A19565E004A5908 /* Images.xcassets */,
				B41CB0201A19565E004A5908 /* LaunchScreen.xib */,
				B41CB0151A19565E004A5908 /* Supporting Files */,
			);
			path = Coinvert;
			sourceTree = "<group>";
		};
		B41CB0151A19565E004A5908 /* Supporting Files */ = {
			isa = PBXGroup;
			children = (
				B42B52B51A2FD71D002CBA91 /* RacingSansOne-Regular copy.otf */,
				B41CB0161A19565E004A5908 /* Info.plist */,
			);
			name = "Supporting Files";
			sourceTree = "<group>";
		};
		B41CB02A1A19565E004A5908 /* CoinvertTests */ = {
			isa = PBXGroup;
			children = (
				B41CB02D1A19565E004A5908 /* CoinvertTests.swift */,
				B41CB02B1A19565E004A5908 /* Supporting Files */,
			);
			path = CoinvertTests;
			sourceTree = "<group>";
		};
		B41CB02B1A19565E004A5908 /* Supporting Files */ = {
			isa = PBXGroup;
			children = (
				B41CB02C1A19565E004A5908 /* Info.plist */,
			);
			name = "Supporting Files";
			sourceTree = "<group>";
		};
		B41CB03B1A1A5442004A5908 /* Images */ = {
			isa = PBXGroup;
			children = (
				B45352CE1A32F90B00CF2A0A /* sendbg.png */,
				B45352CC1A32F8E000CF2A0A /* middlearrow.png */,
				B45352A01A32A88200CF2A0A /* cover.png */,
				B42B53111A317DB4002CBA91 /* depositAmountCopied.png */,
				B42B530F1A317DA9002CBA91 /* depositCopied.png */,
				B42B530D1A31752D002CBA91 /* cxl.png */,
				B42B530B1A312A3E002CBA91 /* popup.png */,
				B42B53091A3119B7002CBA91 /* cancel.png */,
				B42B52FB1A30EB7F002CBA91 /* info.png */,
				B42B52F91A30DC80002CBA91 /* copied.png */,
				B42B52F71A30DC10002CBA91 /* copy.png */,
				B42B52F51A30BA89002CBA91 /* sendscreen.png */,
				B42B52F31A304429002CBA91 /* launchscreen.png */,
				B42B52F11A3041E2002CBA91 /* qr1.png */,
				B42B52EF1A3040FA002CBA91 /* qr.png */,
				B42B52E91A302BD1002CBA91 /* switch.png */,
				B42B52E71A302B41002CBA91 /* txButton.png */,
				B42B52DF1A30288F002CBA91 /* colors.png */,
				B42B52CF1A301552002CBA91 /* coinvert.png */,
				B42B52C51A300355002CBA91 /* Down.png */,
				B45352BA1A32B4AB00CF2A0A /* dogecoin.png */,
				B45352BB1A32B4AB00CF2A0A /* litecoin.png */,
				B45352BC1A32B4AB00CF2A0A /* namecoin.png */,
				B45352BD1A32B4AB00CF2A0A /* darkcoin.png */,
				B45352BE1A32B4AB00CF2A0A /* bitcoin.png */,
				B45352BF1A32B4AB00CF2A0A /* blackcoin.png */,
				B45352C01A32B4AB00CF2A0A /* feathercoin.png */,
				B45352CA1A32B6CF00CF2A0A /* peercoin.png */,
				B45352D61A33B37200CF2A0A /* popupforestmax.png */,
			);
			path = Images;
			sourceTree = "<group>";
		};
		B44E72C21A1BCBA700B3F5EC /* QRCodeReader */ = {
			isa = PBXGroup;
			children = (
				B44E72C31A1BCBA700B3F5EC /* QRCodeReader.swift */,
				B44E72C41A1BCBA700B3F5EC /* ReaderView.swift */,
				B44E72C51A1BCBA700B3F5EC /* SwitchCameraButton.swift */,
			);
			path = QRCodeReader;
			sourceTree = "<group>";
		};
		B48DB7B71A1B8216002FBD16 /* QR */ = {
			isa = PBXGroup;
			children = (
				B48DB7B81A1B8216002FBD16 /* libqrencode */,
				B48DB7C71A1B8216002FBD16 /* UIImage+MDQRCode.h */,
				B48DB7C81A1B8216002FBD16 /* UIImage+MDQRCode.m */,
			);
			path = QR;
			sourceTree = "<group>";
		};
		B48DB7B81A1B8216002FBD16 /* libqrencode */ = {
			isa = PBXGroup;
			children = (
				B48DB7B91A1B8216002FBD16 /* bitstream.c */,
				B48DB7BA1A1B8216002FBD16 /* bitstream.h */,
				B48DB7BB1A1B8216002FBD16 /* mask.c */,
				B48DB7BC1A1B8216002FBD16 /* mask.h */,
				B48DB7BD1A1B8216002FBD16 /* qrencode.c */,
				B48DB7BE1A1B8216002FBD16 /* qrencode.h */,
				B48DB7BF1A1B8216002FBD16 /* qrinput.c */,
				B48DB7C01A1B8216002FBD16 /* qrinput.h */,
				B48DB7C11A1B8216002FBD16 /* qrspec.c */,
				B48DB7C21A1B8216002FBD16 /* qrspec.h */,
				B48DB7C31A1B8216002FBD16 /* rscode.c */,
				B48DB7C41A1B8216002FBD16 /* rscode.h */,
				B48DB7C51A1B8216002FBD16 /* split.c */,
				B48DB7C61A1B8216002FBD16 /* split.h */,
			);
			path = libqrencode;
			sourceTree = "<group>";
		};
/* End PBXGroup section */

/* Begin PBXNativeTarget section */
		B41CB0111A19565E004A5908 /* Coinvert */ = {
			isa = PBXNativeTarget;
			buildConfigurationList = B41CB0311A19565E004A5908 /* Build configuration list for PBXNativeTarget "Coinvert" */;
			buildPhases = (
				B41CB00E1A19565E004A5908 /* Sources */,
				B41CB00F1A19565E004A5908 /* Frameworks */,
				B41CB0101A19565E004A5908 /* Resources */,
			);
			buildRules = (
			);
			dependencies = (
			);
			name = Coinvert;
			productName = Coinvert;
			productReference = B41CB0121A19565E004A5908 /* Coinvert.app */;
			productType = "com.apple.product-type.application";
		};
		B41CB0261A19565E004A5908 /* CoinvertTests */ = {
			isa = PBXNativeTarget;
			buildConfigurationList = B41CB0341A19565E004A5908 /* Build configuration list for PBXNativeTarget "CoinvertTests" */;
			buildPhases = (
				B41CB0231A19565E004A5908 /* Sources */,
				B41CB0241A19565E004A5908 /* Frameworks */,
				B41CB0251A19565E004A5908 /* Resources */,
			);
			buildRules = (
			);
			dependencies = (
				B41CB0291A19565E004A5908 /* PBXTargetDependency */,
			);
			name = CoinvertTests;
			productName = CoinvertTests;
			productReference = B41CB0271A19565E004A5908 /* CoinvertTests.xctest */;
			productType = "com.apple.product-type.bundle.unit-test";
		};
/* End PBXNativeTarget section */

/* Begin PBXProject section */
		B41CB00A1A19565E004A5908 /* Project object */ = {
			isa = PBXProject;
			attributes = {
				LastUpgradeCheck = 0610;
				ORGANIZATIONNAME = "Joshua Hendershot";
				TargetAttributes = {
					B41CB0111A19565E004A5908 = {
						CreatedOnToolsVersion = 6.1;
						DevelopmentTeam = BN9F9Y233Y;
					};
					B41CB0261A19565E004A5908 = {
						CreatedOnToolsVersion = 6.1;
						TestTargetID = B41CB0111A19565E004A5908;
					};
				};
			};
			buildConfigurationList = B41CB00D1A19565E004A5908 /* Build configuration list for PBXProject "Coinvert" */;
			compatibilityVersion = "Xcode 3.2";
			developmentRegion = English;
			hasScannedForEncodings = 0;
			knownRegions = (
				en,
				Base,
			);
			mainGroup = B41CB0091A19565E004A5908;
			productRefGroup = B41CB0131A19565E004A5908 /* Products */;
			projectDirPath = "";
			projectRoot = "";
			targets = (
				B41CB0111A19565E004A5908 /* Coinvert */,
				B41CB0261A19565E004A5908 /* CoinvertTests */,
			);
		};
/* End PBXProject section */

/* Begin PBXResourcesBuildPhase section */
		B41CB0101A19565E004A5908 /* Resources */ = {
			isa = PBXResourcesBuildPhase;
			buildActionMask = 2147483647;
			files = (
				B42B53101A317DA9002CBA91 /* depositCopied.png in Resources */,
				B42B530E1A31752D002CBA91 /* cxl.png in Resources */,
				B42B52F81A30DC10002CBA91 /* copy.png in Resources */,
				B45352CB1A32B6CF00CF2A0A /* peercoin.png in Resources */,
				B42B52FC1A30EB7F002CBA91 /* info.png in Resources */,
				B42B530A1A3119B7002CBA91 /* cancel.png in Resources */,
				B45352C71A32B4AB00CF2A0A /* blackcoin.png in Resources */,
				B42B52B81A2FEDAB002CBA91 /* RacingSansOne-Regular copy.otf in Resources */,
				B42B52FA1A30DC80002CBA91 /* copied.png in Resources */,
				B45352C21A32B4AB00CF2A0A /* dogecoin.png in Resources */,
				B45352C31A32B4AB00CF2A0A /* litecoin.png in Resources */,
				B41CB01D1A19565E004A5908 /* Main.storyboard in Resources */,
				B41CB0221A19565E004A5908 /* LaunchScreen.xib in Resources */,
				B42B52E81A302B41002CBA91 /* txButton.png in Resources */,
				B45352D71A33B37200CF2A0A /* popupforestmax.png in Resources */,
				B42B52E01A30288F002CBA91 /* colors.png in Resources */,
				B42B52C61A300355002CBA91 /* Down.png in Resources */,
				B45352CF1A32F90B00CF2A0A /* sendbg.png in Resources */,
				B45352C51A32B4AB00CF2A0A /* darkcoin.png in Resources */,
				B42B52F41A304429002CBA91 /* launchscreen.png in Resources */,
				B42B530C1A312A3E002CBA91 /* popup.png in Resources */,
				B45352A11A32A88200CF2A0A /* cover.png in Resources */,
				B45352C61A32B4AB00CF2A0A /* bitcoin.png in Resources */,
				B42B52F61A30BA89002CBA91 /* sendscreen.png in Resources */,
				B42B52EA1A302BD1002CBA91 /* switch.png in Resources */,
				B42B53121A317DB4002CBA91 /* depositAmountCopied.png in Resources */,
				B42B52F01A3040FA002CBA91 /* qr.png in Resources */,
				B42B52F21A3041E2002CBA91 /* qr1.png in Resources */,
				B45352C81A32B4AB00CF2A0A /* feathercoin.png in Resources */,
				B45352CD1A32F8E000CF2A0A /* middlearrow.png in Resources */,
				B41CB01F1A19565E004A5908 /* Images.xcassets in Resources */,
				B42B52D01A301552002CBA91 /* coinvert.png in Resources */,
				B45352C41A32B4AB00CF2A0A /* namecoin.png in Resources */,
			);
			runOnlyForDeploymentPostprocessing = 0;
		};
		B41CB0251A19565E004A5908 /* Resources */ = {
			isa = PBXResourcesBuildPhase;
			buildActionMask = 2147483647;
			files = (
			);
			runOnlyForDeploymentPostprocessing = 0;
		};
/* End PBXResourcesBuildPhase section */

/* Begin PBXSourcesBuildPhase section */
		B41CB00E1A19565E004A5908 /* Sources */ = {
			isa = PBXSourcesBuildPhase;
			buildActionMask = 2147483647;
			files = (
				B41CB03A1A1A5059004A5908 /* TransitionManager.swift in Sources */,
				B44E72C71A1BCBA700B3F5EC /* ReaderView.swift in Sources */,
				B48DB7CE1A1B8216002FBD16 /* rscode.c in Sources */,
				B44E72C61A1BCBA700B3F5EC /* QRCodeReader.swift in Sources */,
				B41CB04D1A1A5BE9004A5908 /* MenuViewController.swift in Sources */,
				B48DB7CB1A1B8216002FBD16 /* qrencode.c in Sources */,
				B41CB0511A1A9C18004A5908 /* MenuTransitionManager2.swift in Sources */,
				B41CB04F1A1A9934004A5908 /* MenuViewController2.swift in Sources */,
				B48DB7D01A1B8216002FBD16 /* UIImage+MDQRCode.m in Sources */,
				B41CB01A1A19565E004A5908 /* ViewController.swift in Sources */,
				B44E72C81A1BCBA700B3F5EC /* SwitchCameraButton.swift in Sources */,
				B41CB0381A1A5046004A5908 /* MenuTransitionManager.swift in Sources */,
				B48DB7CD1A1B8216002FBD16 /* qrspec.c in Sources */,
				B48DB7CA1A1B8216002FBD16 /* mask.c in Sources */,
				B41CB0181A19565E004A5908 /* AppDelegate.swift in Sources */,
				B48DB7D91A1B8401002FBD16 /* SendViewController.swift in Sources */,
				B48DB7CC1A1B8216002FBD16 /* qrinput.c in Sources */,
				B48DB7CF1A1B8216002FBD16 /* split.c in Sources */,
				B48DB7C91A1B8216002FBD16 /* bitstream.c in Sources */,
			);
			runOnlyForDeploymentPostprocessing = 0;
		};
		B41CB0231A19565E004A5908 /* Sources */ = {
			isa = PBXSourcesBuildPhase;
			buildActionMask = 2147483647;
			files = (
				B41CB02E1A19565E004A5908 /* CoinvertTests.swift in Sources */,
			);
			runOnlyForDeploymentPostprocessing = 0;
		};
/* End PBXSourcesBuildPhase section */

/* Begin PBXTargetDependency section */
		B41CB0291A19565E004A5908 /* PBXTargetDependency */ = {
			isa = PBXTargetDependency;
			target = B41CB0111A19565E004A5908 /* Coinvert */;
			targetProxy = B41CB0281A19565E004A5908 /* PBXContainerItemProxy */;
		};
/* End PBXTargetDependency section */

/* Begin PBXVariantGroup section */
		B41CB01B1A19565E004A5908 /* Main.storyboard */ = {
			isa = PBXVariantGroup;
			children = (
				B41CB01C1A19565E004A5908 /* Base */,
			);
			name = Main.storyboard;
			sourceTree = "<group>";
		};
		B41CB0201A19565E004A5908 /* LaunchScreen.xib */ = {
			isa = PBXVariantGroup;
			children = (
				B41CB0211A19565E004A5908 /* Base */,
			);
			name = LaunchScreen.xib;
			sourceTree = "<group>";
		};
/* End PBXVariantGroup section */

/* Begin XCBuildConfiguration section */
		B41CB02F1A19565E004A5908 /* Debug */ = {
			isa = XCBuildConfiguration;
			buildSettings = {
				ALWAYS_SEARCH_USER_PATHS = NO;
				CLANG_CXX_LANGUAGE_STANDARD = "gnu++0x";
				CLANG_CXX_LIBRARY = "libc++";
				CLANG_ENABLE_MODULES = YES;
				CLANG_ENABLE_OBJC_ARC = YES;
				CLANG_WARN_BOOL_CONVERSION = YES;
				CLANG_WARN_CONSTANT_CONVERSION = YES;
				CLANG_WARN_DIRECT_OBJC_ISA_USAGE = YES_ERROR;
				CLANG_WARN_EMPTY_BODY = YES;
				CLANG_WARN_ENUM_CONVERSION = YES;
				CLANG_WARN_INT_CONVERSION = YES;
				CLANG_WARN_OBJC_ROOT_CLASS = YES_ERROR;
				CLANG_WARN_UNREACHABLE_CODE = YES;
				CLANG_WARN__DUPLICATE_METHOD_MATCH = YES;
				"CODE_SIGN_IDENTITY[sdk=iphoneos*]" = "iPhone Developer";
				COPY_PHASE_STRIP = NO;
				ENABLE_STRICT_OBJC_MSGSEND = YES;
				GCC_C_LANGUAGE_STANDARD = gnu99;
				GCC_DYNAMIC_NO_PIC = NO;
				GCC_OPTIMIZATION_LEVEL = 0;
				GCC_PREPROCESSOR_DEFINITIONS = (
					"DEBUG=1",
					"$(inherited)",
				);
				GCC_SYMBOLS_PRIVATE_EXTERN = NO;
				GCC_WARN_64_TO_32_BIT_CONVERSION = YES;
				GCC_WARN_ABOUT_RETURN_TYPE = YES_ERROR;
				GCC_WARN_UNDECLARED_SELECTOR = YES;
				GCC_WARN_UNINITIALIZED_AUTOS = YES_AGGRESSIVE;
				GCC_WARN_UNUSED_FUNCTION = YES;
				GCC_WARN_UNUSED_VARIABLE = YES;
				IPHONEOS_DEPLOYMENT_TARGET = 8.1;
				MTL_ENABLE_DEBUG_INFO = YES;
				ONLY_ACTIVE_ARCH = YES;
				SDKROOT = iphoneos;
				SWIFT_OPTIMIZATION_LEVEL = "-Onone";
			};
			name = Debug;
		};
		B41CB0301A19565E004A5908 /* Release */ = {
			isa = XCBuildConfiguration;
			buildSettings = {
				ALWAYS_SEARCH_USER_PATHS = NO;
				CLANG_CXX_LANGUAGE_STANDARD = "gnu++0x";
				CLANG_CXX_LIBRARY = "libc++";
				CLANG_ENABLE_MODULES = YES;
				CLANG_ENABLE_OBJC_ARC = YES;
				CLANG_WARN_BOOL_CONVERSION = YES;
				CLANG_WARN_CONSTANT_CONVERSION = YES;
				CLANG_WARN_DIRECT_OBJC_ISA_USAGE = YES_ERROR;
				CLANG_WARN_EMPTY_BODY = YES;
				CLANG_WARN_ENUM_CONVERSION = YES;
				CLANG_WARN_INT_CONVERSION = YES;
				CLANG_WARN_OBJC_ROOT_CLASS = YES_ERROR;
				CLANG_WARN_UNREACHABLE_CODE = YES;
				CLANG_WARN__DUPLICATE_METHOD_MATCH = YES;
				"CODE_SIGN_IDENTITY[sdk=iphoneos*]" = "iPhone Developer";
				COPY_PHASE_STRIP = YES;
				ENABLE_NS_ASSERTIONS = NO;
				ENABLE_STRICT_OBJC_MSGSEND = YES;
				GCC_C_LANGUAGE_STANDARD = gnu99;
				GCC_WARN_64_TO_32_BIT_CONVERSION = YES;
				GCC_WARN_ABOUT_RETURN_TYPE = YES_ERROR;
				GCC_WARN_UNDECLARED_SELECTOR = YES;
				GCC_WARN_UNINITIALIZED_AUTOS = YES_AGGRESSIVE;
				GCC_WARN_UNUSED_FUNCTION = YES;
				GCC_WARN_UNUSED_VARIABLE = YES;
				IPHONEOS_DEPLOYMENT_TARGET = 8.1;
				MTL_ENABLE_DEBUG_INFO = NO;
				SDKROOT = iphoneos;
				VALIDATE_PRODUCT = YES;
			};
			name = Release;
		};
		B41CB0321A19565E004A5908 /* Debug */ = {
			isa = XCBuildConfiguration;
			buildSettings = {
				ASSETCATALOG_COMPILER_APPICON_NAME = AppIcon;
				CODE_SIGN_IDENTITY = "iPhone Developer";
				INFOPLIST_FILE = Coinvert/Info.plist;
				LD_RUNPATH_SEARCH_PATHS = "$(inherited) @executable_path/Frameworks";
				PRODUCT_NAME = "$(TARGET_NAME)";
				SWIFT_OBJC_BRIDGING_HEADER = "/Users/midniteslide/_github/Coinvert/Coinvert/Coinvert-Bridging-Header.h";
			};
			name = Debug;
		};
		B41CB0331A19565E004A5908 /* Release */ = {
			isa = XCBuildConfiguration;
			buildSettings = {
				ASSETCATALOG_COMPILER_APPICON_NAME = AppIcon;
				CODE_SIGN_IDENTITY = "iPhone Developer";
				INFOPLIST_FILE = Coinvert/Info.plist;
				LD_RUNPATH_SEARCH_PATHS = "$(inherited) @executable_path/Frameworks";
				PRODUCT_NAME = "$(TARGET_NAME)";
				SWIFT_OBJC_BRIDGING_HEADER = "/Users/midniteslide/_github/Coinvert/Coinvert/Coinvert-Bridging-Header.h";
			};
			name = Release;
		};
		B41CB0351A19565E004A5908 /* Debug */ = {
			isa = XCBuildConfiguration;
			buildSettings = {
				BUNDLE_LOADER = "$(TEST_HOST)";
				FRAMEWORK_SEARCH_PATHS = (
					"$(SDKROOT)/Developer/Library/Frameworks",
					"$(inherited)",
				);
				GCC_PREPROCESSOR_DEFINITIONS = (
					"DEBUG=1",
					"$(inherited)",
				);
				INFOPLIST_FILE = CoinvertTests/Info.plist;
				LD_RUNPATH_SEARCH_PATHS = "$(inherited) @executable_path/Frameworks @loader_path/Frameworks";
				PRODUCT_NAME = "$(TARGET_NAME)";
				TEST_HOST = "$(BUILT_PRODUCTS_DIR)/Coinvert.app/Coinvert";
			};
			name = Debug;
		};
		B41CB0361A19565E004A5908 /* Release */ = {
			isa = XCBuildConfiguration;
			buildSettings = {
				BUNDLE_LOADER = "$(TEST_HOST)";
				FRAMEWORK_SEARCH_PATHS = (
					"$(SDKROOT)/Developer/Library/Frameworks",
					"$(inherited)",
				);
				INFOPLIST_FILE = CoinvertTests/Info.plist;
				LD_RUNPATH_SEARCH_PATHS = "$(inherited) @executable_path/Frameworks @loader_path/Frameworks";
				PRODUCT_NAME = "$(TARGET_NAME)";
				TEST_HOST = "$(BUILT_PRODUCTS_DIR)/Coinvert.app/Coinvert";
			};
			name = Release;
		};
/* End XCBuildConfiguration section */

/* Begin XCConfigurationList section */
		B41CB00D1A19565E004A5908 /* Build configuration list for PBXProject "Coinvert" */ = {
			isa = XCConfigurationList;
			buildConfigurations = (
				B41CB02F1A19565E004A5908 /* Debug */,
				B41CB0301A19565E004A5908 /* Release */,
			);
			defaultConfigurationIsVisible = 0;
			defaultConfigurationName = Release;
		};
		B41CB0311A19565E004A5908 /* Build configuration list for PBXNativeTarget "Coinvert" */ = {
			isa = XCConfigurationList;
			buildConfigurations = (
				B41CB0321A19565E004A5908 /* Debug */,
				B41CB0331A19565E004A5908 /* Release */,
			);
			defaultConfigurationIsVisible = 0;
			defaultConfigurationName = Release;
		};
		B41CB0341A19565E004A5908 /* Build configuration list for PBXNativeTarget "CoinvertTests" */ = {
			isa = XCConfigurationList;
			buildConfigurations = (
				B41CB0351A19565E004A5908 /* Debug */,
				B41CB0361A19565E004A5908 /* Release */,
			);
			defaultConfigurationIsVisible = 0;
			defaultConfigurationName = Release;
		};
/* End XCConfigurationList section */
	};
	rootObject = B41CB00A1A19565E004A5908 /* Project object */;
}
