// !$*UTF8*$!
{
	archiveVersion = 1;
	classes = {
	};
	objectVersion = 46;
	objects = {

/* Begin PBXBuildFile section */
		B41CB0181A19565E004A5908 /* AppDelegate.swift in Sources */ = {isa = PBXBuildFile; fileRef = B41CB0171A19565E004A5908 /* AppDelegate.swift */; };
		B41CB01A1A19565E004A5908 /* ViewController.swift in Sources */ = {isa = PBXBuildFile; fileRef = B41CB0191A19565E004A5908 /* ViewController.swift */; };
		B41CB01D1A19565E004A5908 /* iPhone4.7.storyboard in Resources */ = {isa = PBXBuildFile; fileRef = B41CB01B1A19565E004A5908 /* iPhone4.7.storyboard */; };
		B41CB01F1A19565E004A5908 /* Images.xcassets in Resources */ = {isa = PBXBuildFile; fileRef = B41CB01E1A19565E004A5908 /* Images.xcassets */; };
		B41CB0221A19565E004A5908 /* LaunchScreen.xib in Resources */ = {isa = PBXBuildFile; fileRef = B41CB0201A19565E004A5908 /* LaunchScreen.xib */; };
		B41CB0381A1A5046004A5908 /* MenuTransitionManager.swift in Sources */ = {isa = PBXBuildFile; fileRef = B41CB0371A1A5046004A5908 /* MenuTransitionManager.swift */; };
		B41CB03A1A1A5059004A5908 /* TransitionManager.swift in Sources */ = {isa = PBXBuildFile; fileRef = B41CB0391A1A5059004A5908 /* TransitionManager.swift */; };
		B41CB04D1A1A5BE9004A5908 /* MenuViewController.swift in Sources */ = {isa = PBXBuildFile; fileRef = B41CB04C1A1A5BE9004A5908 /* MenuViewController.swift */; };
		B41CB04F1A1A9934004A5908 /* MenuViewController2.swift in Sources */ = {isa = PBXBuildFile; fileRef = B41CB04E1A1A9934004A5908 /* MenuViewController2.swift */; };
		B41CB0511A1A9C18004A5908 /* MenuTransitionManager2.swift in Sources */ = {isa = PBXBuildFile; fileRef = B41CB0501A1A9C18004A5908 /* MenuTransitionManager2.swift */; };
		B42B52B81A2FEDAB002CBA91 /* RacingSansOne-Regular copy.otf in Resources */ = {isa = PBXBuildFile; fileRef = B42B52B51A2FD71D002CBA91 /* RacingSansOne-Regular copy.otf */; };
		B42B52C61A300355002CBA91 /* Down.png in Resources */ = {isa = PBXBuildFile; fileRef = B42B52C51A300355002CBA91 /* Down.png */; };
		B42B52D01A301552002CBA91 /* coinvert.png in Resources */ = {isa = PBXBuildFile; fileRef = B42B52CF1A301552002CBA91 /* coinvert.png */; };
		B42B52E01A30288F002CBA91 /* colors.png in Resources */ = {isa = PBXBuildFile; fileRef = B42B52DF1A30288F002CBA91 /* colors.png */; };
		B42B52F61A30BA89002CBA91 /* sendscreen.png in Resources */ = {isa = PBXBuildFile; fileRef = B42B52F51A30BA89002CBA91 /* sendscreen.png */; };
		B42B530C1A312A3E002CBA91 /* popup.png in Resources */ = {isa = PBXBuildFile; fileRef = B42B530B1A312A3E002CBA91 /* popup.png */; };
		B44E72C61A1BCBA700B3F5EC /* QRCodeReader.swift in Sources */ = {isa = PBXBuildFile; fileRef = B44E72C31A1BCBA700B3F5EC /* QRCodeReader.swift */; };
		B44E72C71A1BCBA700B3F5EC /* ReaderView.swift in Sources */ = {isa = PBXBuildFile; fileRef = B44E72C41A1BCBA700B3F5EC /* ReaderView.swift */; };
		B44E72C81A1BCBA700B3F5EC /* SwitchCameraButton.swift in Sources */ = {isa = PBXBuildFile; fileRef = B44E72C51A1BCBA700B3F5EC /* SwitchCameraButton.swift */; };
		B45352C21A32B4AB00CF2A0A /* dogecoin.png in Resources */ = {isa = PBXBuildFile; fileRef = B45352BA1A32B4AB00CF2A0A /* dogecoin.png */; };
		B45352C31A32B4AB00CF2A0A /* litecoin.png in Resources */ = {isa = PBXBuildFile; fileRef = B45352BB1A32B4AB00CF2A0A /* litecoin.png */; };
		B45352C41A32B4AB00CF2A0A /* namecoin.png in Resources */ = {isa = PBXBuildFile; fileRef = B45352BC1A32B4AB00CF2A0A /* namecoin.png */; };
		B45352C51A32B4AB00CF2A0A /* darkcoin.png in Resources */ = {isa = PBXBuildFile; fileRef = B45352BD1A32B4AB00CF2A0A /* darkcoin.png */; };
		B45352C61A32B4AB00CF2A0A /* bitcoin.png in Resources */ = {isa = PBXBuildFile; fileRef = B45352BE1A32B4AB00CF2A0A /* bitcoin.png */; };
		B45352C71A32B4AB00CF2A0A /* blackcoin.png in Resources */ = {isa = PBXBuildFile; fileRef = B45352BF1A32B4AB00CF2A0A /* blackcoin.png */; };
		B45352C81A32B4AB00CF2A0A /* feathercoin.png in Resources */ = {isa = PBXBuildFile; fileRef = B45352C01A32B4AB00CF2A0A /* feathercoin.png */; };
		B45352CB1A32B6CF00CF2A0A /* peercoin.png in Resources */ = {isa = PBXBuildFile; fileRef = B45352CA1A32B6CF00CF2A0A /* peercoin.png */; };
		B45352CD1A32F8E000CF2A0A /* middlearrow.png in Resources */ = {isa = PBXBuildFile; fileRef = B45352CC1A32F8E000CF2A0A /* middlearrow.png */; };
		B45352CF1A32F90B00CF2A0A /* sendbg.png in Resources */ = {isa = PBXBuildFile; fileRef = B45352CE1A32F90B00CF2A0A /* sendbg.png */; };
		B45352DC1A34E21900CF2A0A /* iPhone5.5.storyboard in Resources */ = {isa = PBXBuildFile; fileRef = B45352DB1A34E21900CF2A0A /* iPhone5.5.storyboard */; };
		B45352DE1A34E2A600CF2A0A /* iPhone4.0.storyboard in Resources */ = {isa = PBXBuildFile; fileRef = B45352DD1A34E2A600CF2A0A /* iPhone4.0.storyboard */; };
		B45352E01A34E2C100CF2A0A /* iPhone3.5.storyboard in Resources */ = {isa = PBXBuildFile; fileRef = B45352DF1A34E2C100CF2A0A /* iPhone3.5.storyboard */; };
		B45352E21A34E3D000CF2A0A /* iPad.storyboard in Resources */ = {isa = PBXBuildFile; fileRef = B45352E11A34E3D000CF2A0A /* iPad.storyboard */; };
		B45352E51A35459800CF2A0A /* Crashlytics.framework in Frameworks */ = {isa = PBXBuildFile; fileRef = B45352E41A35459800CF2A0A /* Crashlytics.framework */; };
		B45352E91A354E6700CF2A0A /* donationpopup.png in Resources */ = {isa = PBXBuildFile; fileRef = B45352E81A354E6700CF2A0A /* donationpopup.png */; };
		B45352EF1A35F7EF00CF2A0A /* popuptest@2x.png in Resources */ = {isa = PBXBuildFile; fileRef = B45352EE1A35F7EF00CF2A0A /* popuptest@2x.png */; };
		B45352F31A35FBF100CF2A0A /* depositAmountCopied@2x.png in Resources */ = {isa = PBXBuildFile; fileRef = B45352F21A35FBF100CF2A0A /* depositAmountCopied@2x.png */; };
		B45352F51A35FC5200CF2A0A /* depositCopied@2x.png in Resources */ = {isa = PBXBuildFile; fileRef = B45352F41A35FC5200CF2A0A /* depositCopied@2x.png */; };
		B45352F71A35FD6400CF2A0A /* copy@2x.png in Resources */ = {isa = PBXBuildFile; fileRef = B45352F61A35FD6400CF2A0A /* copy@2x.png */; };
		B45352F91A35FDB800CF2A0A /* copied@2x.png in Resources */ = {isa = PBXBuildFile; fileRef = B45352F81A35FDB800CF2A0A /* copied@2x.png */; };
		B45352FB1A35FEC700CF2A0A /* cxl@2x.png in Resources */ = {isa = PBXBuildFile; fileRef = B45352FA1A35FEC700CF2A0A /* cxl@2x.png */; };
		B45352FD1A35FF8F00CF2A0A /* info@2x.png in Resources */ = {isa = PBXBuildFile; fileRef = B45352FC1A35FF8F00CF2A0A /* info@2x.png */; };
		B45352FF1A35FFD500CF2A0A /* cancel@2x.png in Resources */ = {isa = PBXBuildFile; fileRef = B45352FE1A35FFD500CF2A0A /* cancel@2x.png */; };
		B45353011A36045D00CF2A0A /* donatepopup@2x.png in Resources */ = {isa = PBXBuildFile; fileRef = B45353001A36045D00CF2A0A /* donatepopup@2x.png */; };
		B453530B1A36097200CF2A0A /* switch@2x.png in Resources */ = {isa = PBXBuildFile; fileRef = B453530A1A36097200CF2A0A /* switch@2x.png */; };
		B453531F1A37643300CF2A0A /* qr1@2x.png in Resources */ = {isa = PBXBuildFile; fileRef = B453531E1A37643300CF2A0A /* qr1@2x.png */; };
		B45353211A38828200CF2A0A /* launchscreen.png in Resources */ = {isa = PBXBuildFile; fileRef = B45353201A38828200CF2A0A /* launchscreen.png */; };
		B45353231A38830700CF2A0A /* txButton@2x.png in Resources */ = {isa = PBXBuildFile; fileRef = B45353221A38830700CF2A0A /* txButton@2x.png */; };
		B45353251A3883DA00CF2A0A /* cover@2x.png in Resources */ = {isa = PBXBuildFile; fileRef = B45353241A3883DA00CF2A0A /* cover@2x.png */; };
		B45353271A38872000CF2A0A /* airstrike.ttf in Resources */ = {isa = PBXBuildFile; fileRef = B45353261A3884E600CF2A0A /* airstrike.ttf */; };
		B48DB7C91A1B8216002FBD16 /* bitstream.c in Sources */ = {isa = PBXBuildFile; fileRef = B48DB7B91A1B8216002FBD16 /* bitstream.c */; };
		B48DB7CA1A1B8216002FBD16 /* mask.c in Sources */ = {isa = PBXBuildFile; fileRef = B48DB7BB1A1B8216002FBD16 /* mask.c */; };
		B48DB7CB1A1B8216002FBD16 /* qrencode.c in Sources */ = {isa = PBXBuildFile; fileRef = B48DB7BD1A1B8216002FBD16 /* qrencode.c */; };
		B48DB7CC1A1B8216002FBD16 /* qrinput.c in Sources */ = {isa = PBXBuildFile; fileRef = B48DB7BF1A1B8216002FBD16 /* qrinput.c */; };
		B48DB7CD1A1B8216002FBD16 /* qrspec.c in Sources */ = {isa = PBXBuildFile; fileRef = B48DB7C11A1B8216002FBD16 /* qrspec.c */; };
		B48DB7CE1A1B8216002FBD16 /* rscode.c in Sources */ = {isa = PBXBuildFile; fileRef = B48DB7C31A1B8216002FBD16 /* rscode.c */; };
		B48DB7CF1A1B8216002FBD16 /* split.c in Sources */ = {isa = PBXBuildFile; fileRef = B48DB7C51A1B8216002FBD16 /* split.c */; };
		B48DB7D01A1B8216002FBD16 /* UIImage+MDQRCode.m in Sources */ = {isa = PBXBuildFile; fileRef = B48DB7C81A1B8216002FBD16 /* UIImage+MDQRCode.m */; };
		B48DB7D91A1B8401002FBD16 /* SendViewController.swift in Sources */ = {isa = PBXBuildFile; fileRef = B48DB7D81A1B8401002FBD16 /* SendViewController.swift */; };
/* End PBXBuildFile section */

/* Begin PBXFileReference section */
		B41CB0121A19565E004A5908 /* Coinvert.app */ = {isa = PBXFileReference; explicitFileType = wrapper.application; includeInIndex = 0; path = Coinvert.app; sourceTree = BUILT_PRODUCTS_DIR; };
		B41CB0161A19565E004A5908 /* Info.plist */ = {isa = PBXFileReference; lastKnownFileType = text.plist.xml; path = Info.plist; sourceTree = "<group>"; };
		B41CB0171A19565E004A5908 /* AppDelegate.swift */ = {isa = PBXFileReference; lastKnownFileType = sourcecode.swift; path = AppDelegate.swift; sourceTree = "<group>"; };
		B41CB0191A19565E004A5908 /* ViewController.swift */ = {isa = PBXFileReference; lastKnownFileType = sourcecode.swift; path = ViewController.swift; sourceTree = "<group>"; };
		B41CB01C1A19565E004A5908 /* Base */ = {isa = PBXFileReference; lastKnownFileType = file.storyboard; name = Base; path = Base.lproj/iPhone4.7.storyboard; sourceTree = "<group>"; };
		B41CB01E1A19565E004A5908 /* Images.xcassets */ = {isa = PBXFileReference; lastKnownFileType = folder.assetcatalog; path = Images.xcassets; sourceTree = "<group>"; };
		B41CB0211A19565E004A5908 /* Base */ = {isa = PBXFileReference; lastKnownFileType = file.xib; name = Base; path = Base.lproj/LaunchScreen.xib; sourceTree = "<group>"; };
		B41CB0371A1A5046004A5908 /* MenuTransitionManager.swift */ = {isa = PBXFileReference; fileEncoding = 4; lastKnownFileType = sourcecode.swift; path = MenuTransitionManager.swift; sourceTree = "<group>"; };
		B41CB0391A1A5059004A5908 /* TransitionManager.swift */ = {isa = PBXFileReference; fileEncoding = 4; lastKnownFileType = sourcecode.swift; path = TransitionManager.swift; sourceTree = "<group>"; };
		B41CB04C1A1A5BE9004A5908 /* MenuViewController.swift */ = {isa = PBXFileReference; fileEncoding = 4; lastKnownFileType = sourcecode.swift; path = MenuViewController.swift; sourceTree = "<group>"; };
		B41CB04E1A1A9934004A5908 /* MenuViewController2.swift */ = {isa = PBXFileReference; fileEncoding = 4; lastKnownFileType = sourcecode.swift; path = MenuViewController2.swift; sourceTree = "<group>"; };
		B41CB0501A1A9C18004A5908 /* MenuTransitionManager2.swift */ = {isa = PBXFileReference; fileEncoding = 4; lastKnownFileType = sourcecode.swift; path = MenuTransitionManager2.swift; sourceTree = "<group>"; };
		B42B52B51A2FD71D002CBA91 /* RacingSansOne-Regular copy.otf */ = {isa = PBXFileReference; lastKnownFileType = file; name = "RacingSansOne-Regular copy.otf"; path = "../RacingSansOne-Regular copy.otf"; sourceTree = "<group>"; };
		B42B52C51A300355002CBA91 /* Down.png */ = {isa = PBXFileReference; lastKnownFileType = image.png; path = Down.png; sourceTree = "<group>"; };
		B42B52CF1A301552002CBA91 /* coinvert.png */ = {isa = PBXFileReference; lastKnownFileType = image.png; path = coinvert.png; sourceTree = "<group>"; };
		B42B52DF1A30288F002CBA91 /* colors.png */ = {isa = PBXFileReference; lastKnownFileType = image.png; path = colors.png; sourceTree = "<group>"; };
		B42B52F51A30BA89002CBA91 /* sendscreen.png */ = {isa = PBXFileReference; lastKnownFileType = image.png; path = sendscreen.png; sourceTree = "<group>"; };
		B42B530B1A312A3E002CBA91 /* popup.png */ = {isa = PBXFileReference; lastKnownFileType = image.png; path = popup.png; sourceTree = "<group>"; };
		B44E72C31A1BCBA700B3F5EC /* QRCodeReader.swift */ = {isa = PBXFileReference; fileEncoding = 4; lastKnownFileType = sourcecode.swift; path = QRCodeReader.swift; sourceTree = "<group>"; };
		B44E72C41A1BCBA700B3F5EC /* ReaderView.swift */ = {isa = PBXFileReference; fileEncoding = 4; lastKnownFileType = sourcecode.swift; path = ReaderView.swift; sourceTree = "<group>"; };
		B44E72C51A1BCBA700B3F5EC /* SwitchCameraButton.swift */ = {isa = PBXFileReference; fileEncoding = 4; lastKnownFileType = sourcecode.swift; path = SwitchCameraButton.swift; sourceTree = "<group>"; };
		B45352BA1A32B4AB00CF2A0A /* dogecoin.png */ = {isa = PBXFileReference; lastKnownFileType = image.png; path = dogecoin.png; sourceTree = "<group>"; };
		B45352BB1A32B4AB00CF2A0A /* litecoin.png */ = {isa = PBXFileReference; lastKnownFileType = image.png; path = litecoin.png; sourceTree = "<group>"; };
		B45352BC1A32B4AB00CF2A0A /* namecoin.png */ = {isa = PBXFileReference; lastKnownFileType = image.png; path = namecoin.png; sourceTree = "<group>"; };
		B45352BD1A32B4AB00CF2A0A /* darkcoin.png */ = {isa = PBXFileReference; lastKnownFileType = image.png; path = darkcoin.png; sourceTree = "<group>"; };
		B45352BE1A32B4AB00CF2A0A /* bitcoin.png */ = {isa = PBXFileReference; lastKnownFileType = image.png; path = bitcoin.png; sourceTree = "<group>"; };
		B45352BF1A32B4AB00CF2A0A /* blackcoin.png */ = {isa = PBXFileReference; lastKnownFileType = image.png; path = blackcoin.png; sourceTree = "<group>"; };
		B45352C01A32B4AB00CF2A0A /* feathercoin.png */ = {isa = PBXFileReference; lastKnownFileType = image.png; path = feathercoin.png; sourceTree = "<group>"; };
		B45352CA1A32B6CF00CF2A0A /* peercoin.png */ = {isa = PBXFileReference; lastKnownFileType = image.png; path = peercoin.png; sourceTree = "<group>"; };
		B45352CC1A32F8E000CF2A0A /* middlearrow.png */ = {isa = PBXFileReference; lastKnownFileType = image.png; path = middlearrow.png; sourceTree = "<group>"; };
		B45352CE1A32F90B00CF2A0A /* sendbg.png */ = {isa = PBXFileReference; lastKnownFileType = image.png; path = sendbg.png; sourceTree = "<group>"; };
		B45352DB1A34E21900CF2A0A /* iPhone5.5.storyboard */ = {isa = PBXFileReference; fileEncoding = 4; lastKnownFileType = file.storyboard; path = iPhone5.5.storyboard; sourceTree = "<group>"; };
		B45352DD1A34E2A600CF2A0A /* iPhone4.0.storyboard */ = {isa = PBXFileReference; fileEncoding = 4; lastKnownFileType = file.storyboard; path = iPhone4.0.storyboard; sourceTree = "<group>"; };
		B45352DF1A34E2C100CF2A0A /* iPhone3.5.storyboard */ = {isa = PBXFileReference; fileEncoding = 4; lastKnownFileType = file.storyboard; path = iPhone3.5.storyboard; sourceTree = "<group>"; };
		B45352E11A34E3D000CF2A0A /* iPad.storyboard */ = {isa = PBXFileReference; fileEncoding = 4; lastKnownFileType = file.storyboard; path = iPad.storyboard; sourceTree = "<group>"; };
		B45352E41A35459800CF2A0A /* Crashlytics.framework */ = {isa = PBXFileReference; lastKnownFileType = wrapper.framework; path = Crashlytics.framework; sourceTree = "<group>"; };
		B45352E81A354E6700CF2A0A /* donationpopup.png */ = {isa = PBXFileReference; lastKnownFileType = image.png; path = donationpopup.png; sourceTree = "<group>"; };
		B45352EE1A35F7EF00CF2A0A /* popuptest@2x.png */ = {isa = PBXFileReference; lastKnownFileType = image.png; path = "popuptest@2x.png"; sourceTree = "<group>"; };
		B45352F21A35FBF100CF2A0A /* depositAmountCopied@2x.png */ = {isa = PBXFileReference; lastKnownFileType = image.png; path = "depositAmountCopied@2x.png"; sourceTree = "<group>"; };
		B45352F41A35FC5200CF2A0A /* depositCopied@2x.png */ = {isa = PBXFileReference; lastKnownFileType = image.png; path = "depositCopied@2x.png"; sourceTree = "<group>"; };
		B45352F61A35FD6400CF2A0A /* copy@2x.png */ = {isa = PBXFileReference; lastKnownFileType = image.png; path = "copy@2x.png"; sourceTree = "<group>"; };
		B45352F81A35FDB800CF2A0A /* copied@2x.png */ = {isa = PBXFileReference; lastKnownFileType = image.png; path = "copied@2x.png"; sourceTree = "<group>"; };
		B45352FA1A35FEC700CF2A0A /* cxl@2x.png */ = {isa = PBXFileReference; lastKnownFileType = image.png; path = "cxl@2x.png"; sourceTree = "<group>"; };
		B45352FC1A35FF8F00CF2A0A /* info@2x.png */ = {isa = PBXFileReference; lastKnownFileType = image.png; path = "info@2x.png"; sourceTree = "<group>"; };
		B45352FE1A35FFD500CF2A0A /* cancel@2x.png */ = {isa = PBXFileReference; lastKnownFileType = image.png; path = "cancel@2x.png"; sourceTree = "<group>"; };
		B45353001A36045D00CF2A0A /* donatepopup@2x.png */ = {isa = PBXFileReference; lastKnownFileType = image.png; path = "donatepopup@2x.png"; sourceTree = "<group>"; };
		B453530A1A36097200CF2A0A /* switch@2x.png */ = {isa = PBXFileReference; lastKnownFileType = image.png; path = "switch@2x.png"; sourceTree = "<group>"; };
		B453531E1A37643300CF2A0A /* qr1@2x.png */ = {isa = PBXFileReference; lastKnownFileType = image.png; path = "qr1@2x.png"; sourceTree = "<group>"; };
		B45353201A38828200CF2A0A /* launchscreen.png */ = {isa = PBXFileReference; lastKnownFileType = image.png; path = launchscreen.png; sourceTree = "<group>"; };
		B45353221A38830700CF2A0A /* txButton@2x.png */ = {isa = PBXFileReference; lastKnownFileType = image.png; path = "txButton@2x.png"; sourceTree = "<group>"; };
		B45353241A3883DA00CF2A0A /* cover@2x.png */ = {isa = PBXFileReference; lastKnownFileType = image.png; path = "cover@2x.png"; sourceTree = "<group>"; };
		B45353261A3884E600CF2A0A /* airstrike.ttf */ = {isa = PBXFileReference; lastKnownFileType = file; path = airstrike.ttf; sourceTree = "<group>"; };
		B48DB7B91A1B8216002FBD16 /* bitstream.c */ = {isa = PBXFileReference; fileEncoding = 4; lastKnownFileType = sourcecode.c.c; path = bitstream.c; sourceTree = "<group>"; };
		B48DB7BA1A1B8216002FBD16 /* bitstream.h */ = {isa = PBXFileReference; fileEncoding = 4; lastKnownFileType = sourcecode.c.h; path = bitstream.h; sourceTree = "<group>"; };
		B48DB7BB1A1B8216002FBD16 /* mask.c */ = {isa = PBXFileReference; fileEncoding = 4; lastKnownFileType = sourcecode.c.c; path = mask.c; sourceTree = "<group>"; };
		B48DB7BC1A1B8216002FBD16 /* mask.h */ = {isa = PBXFileReference; fileEncoding = 4; lastKnownFileType = sourcecode.c.h; path = mask.h; sourceTree = "<group>"; };
		B48DB7BD1A1B8216002FBD16 /* qrencode.c */ = {isa = PBXFileReference; fileEncoding = 4; lastKnownFileType = sourcecode.c.c; path = qrencode.c; sourceTree = "<group>"; };
		B48DB7BE1A1B8216002FBD16 /* qrencode.h */ = {isa = PBXFileReference; fileEncoding = 4; lastKnownFileType = sourcecode.c.h; path = qrencode.h; sourceTree = "<group>"; };
		B48DB7BF1A1B8216002FBD16 /* qrinput.c */ = {isa = PBXFileReference; fileEncoding = 4; lastKnownFileType = sourcecode.c.c; path = qrinput.c; sourceTree = "<group>"; };
		B48DB7C01A1B8216002FBD16 /* qrinput.h */ = {isa = PBXFileReference; fileEncoding = 4; lastKnownFileType = sourcecode.c.h; path = qrinput.h; sourceTree = "<group>"; };
		B48DB7C11A1B8216002FBD16 /* qrspec.c */ = {isa = PBXFileReference; fileEncoding = 4; lastKnownFileType = sourcecode.c.c; path = qrspec.c; sourceTree = "<group>"; };
		B48DB7C21A1B8216002FBD16 /* qrspec.h */ = {isa = PBXFileReference; fileEncoding = 4; lastKnownFileType = sourcecode.c.h; path = qrspec.h; sourceTree = "<group>"; };
		B48DB7C31A1B8216002FBD16 /* rscode.c */ = {isa = PBXFileReference; fileEncoding = 4; lastKnownFileType = sourcecode.c.c; path = rscode.c; sourceTree = "<group>"; };
		B48DB7C41A1B8216002FBD16 /* rscode.h */ = {isa = PBXFileReference; fileEncoding = 4; lastKnownFileType = sourcecode.c.h; path = rscode.h; sourceTree = "<group>"; };
		B48DB7C51A1B8216002FBD16 /* split.c */ = {isa = PBXFileReference; fileEncoding = 4; lastKnownFileType = sourcecode.c.c; path = split.c; sourceTree = "<group>"; };
		B48DB7C61A1B8216002FBD16 /* split.h */ = {isa = PBXFileReference; fileEncoding = 4; lastKnownFileType = sourcecode.c.h; path = split.h; sourceTree = "<group>"; };
		B48DB7C71A1B8216002FBD16 /* UIImage+MDQRCode.h */ = {isa = PBXFileReference; fileEncoding = 4; lastKnownFileType = sourcecode.c.h; path = "UIImage+MDQRCode.h"; sourceTree = "<group>"; };
		B48DB7C81A1B8216002FBD16 /* UIImage+MDQRCode.m */ = {isa = PBXFileReference; fileEncoding = 4; lastKnownFileType = sourcecode.c.objc; path = "UIImage+MDQRCode.m"; sourceTree = "<group>"; };
		B48DB7D71A1B82D2002FBD16 /* Coinvert-Bridging-Header.h */ = {isa = PBXFileReference; lastKnownFileType = sourcecode.c.h; path = "Coinvert-Bridging-Header.h"; sourceTree = "<group>"; };
		B48DB7D81A1B8401002FBD16 /* SendViewController.swift */ = {isa = PBXFileReference; fileEncoding = 4; lastKnownFileType = sourcecode.swift; path = SendViewController.swift; sourceTree = "<group>"; };
/* End PBXFileReference section */

/* Begin PBXFrameworksBuildPhase section */
		B41CB00F1A19565E004A5908 /* Frameworks */ = {
			isa = PBXFrameworksBuildPhase;
			buildActionMask = 2147483647;
			files = (
				B45352E51A35459800CF2A0A /* Crashlytics.framework in Frameworks */,
			);
			runOnlyForDeploymentPostprocessing = 0;
		};
/* End PBXFrameworksBuildPhase section */

/* Begin PBXGroup section */
		B404CD841A3C266D00A62E90 /* Fonts */ = {
			isa = PBXGroup;
			children = (
				B42B52B51A2FD71D002CBA91 /* RacingSansOne-Regular copy.otf */,
				B45353261A3884E600CF2A0A /* airstrike.ttf */,
			);
			name = Fonts;
			sourceTree = "<group>";
		};
		B41CB0091A19565E004A5908 = {
			isa = PBXGroup;
			children = (
				B48DB7D71A1B82D2002FBD16 /* Coinvert-Bridging-Header.h */,
				B44E72C21A1BCBA700B3F5EC /* QRCodeReader */,
				B48DB7B71A1B8216002FBD16 /* QR */,
				B41CB03B1A1A5442004A5908 /* Images */,
				B41CB0141A19565E004A5908 /* Coinvert */,
				B41CB0131A19565E004A5908 /* Products */,
			);
			sourceTree = "<group>";
		};
		B41CB0131A19565E004A5908 /* Products */ = {
			isa = PBXGroup;
			children = (
				B41CB0121A19565E004A5908 /* Coinvert.app */,
			);
			name = Products;
			sourceTree = "<group>";
		};
		B41CB0141A19565E004A5908 /* Coinvert */ = {
			isa = PBXGroup;
			children = (
				B41CB0171A19565E004A5908 /* AppDelegate.swift */,
				B41CB0391A1A5059004A5908 /* TransitionManager.swift */,
				B41CB0371A1A5046004A5908 /* MenuTransitionManager.swift */,
				B41CB0501A1A9C18004A5908 /* MenuTransitionManager2.swift */,
				B41CB04C1A1A5BE9004A5908 /* MenuViewController.swift */,
				B41CB04E1A1A9934004A5908 /* MenuViewController2.swift */,
				B41CB0191A19565E004A5908 /* ViewController.swift */,
				B48DB7D81A1B8401002FBD16 /* SendViewController.swift */,
				B45352DF1A34E2C100CF2A0A /* iPhone3.5.storyboard */,
				B45352DD1A34E2A600CF2A0A /* iPhone4.0.storyboard */,
				B41CB01B1A19565E004A5908 /* iPhone4.7.storyboard */,
				B45352DB1A34E21900CF2A0A /* iPhone5.5.storyboard */,
				B45352E11A34E3D000CF2A0A /* iPad.storyboard */,
				B41CB01E1A19565E004A5908 /* Images.xcassets */,
				B41CB0201A19565E004A5908 /* LaunchScreen.xib */,
				B41CB0151A19565E004A5908 /* Supporting Files */,
			);
			path = Coinvert;
			sourceTree = "<group>";
		};
		B41CB0151A19565E004A5908 /* Supporting Files */ = {
			isa = PBXGroup;
			children = (
				B45352E41A35459800CF2A0A /* Crashlytics.framework */,
				B404CD841A3C266D00A62E90 /* Fonts */,
				B41CB0161A19565E004A5908 /* Info.plist */,
			);
			name = "Supporting Files";
			sourceTree = "<group>";
		};
		B41CB03B1A1A5442004A5908 /* Images */ = {
			isa = PBXGroup;
			children = (
				B45352CE1A32F90B00CF2A0A /* sendbg.png */,
				B45352CC1A32F8E000CF2A0A /* middlearrow.png */,
				B45352FA1A35FEC700CF2A0A /* cxl@2x.png */,
				B42B530B1A312A3E002CBA91 /* popup.png */,
				B453531E1A37643300CF2A0A /* qr1@2x.png */,
				B45353241A3883DA00CF2A0A /* cover@2x.png */,
				B45352FE1A35FFD500CF2A0A /* cancel@2x.png */,
				B45352FC1A35FF8F00CF2A0A /* info@2x.png */,
				B45353221A38830700CF2A0A /* txButton@2x.png */,
				B45353201A38828200CF2A0A /* launchscreen.png */,
				B45352F61A35FD6400CF2A0A /* copy@2x.png */,
				B45352F81A35FDB800CF2A0A /* copied@2x.png */,
				B42B52F51A30BA89002CBA91 /* sendscreen.png */,
				B453530A1A36097200CF2A0A /* switch@2x.png */,
				B42B52DF1A30288F002CBA91 /* colors.png */,
				B42B52CF1A301552002CBA91 /* coinvert.png */,
				B42B52C51A300355002CBA91 /* Down.png */,
				B45352BA1A32B4AB00CF2A0A /* dogecoin.png */,
				B45352BB1A32B4AB00CF2A0A /* litecoin.png */,
				B45352BC1A32B4AB00CF2A0A /* namecoin.png */,
				B45352BD1A32B4AB00CF2A0A /* darkcoin.png */,
				B45352BE1A32B4AB00CF2A0A /* bitcoin.png */,
				B45352BF1A32B4AB00CF2A0A /* blackcoin.png */,
				B45352C01A32B4AB00CF2A0A /* feathercoin.png */,
				B45352CA1A32B6CF00CF2A0A /* peercoin.png */,
				B45352E81A354E6700CF2A0A /* donationpopup.png */,
				B45353001A36045D00CF2A0A /* donatepopup@2x.png */,
				B45352EE1A35F7EF00CF2A0A /* popuptest@2x.png */,
				B45352F21A35FBF100CF2A0A /* depositAmountCopied@2x.png */,
				B45352F41A35FC5200CF2A0A /* depositCopied@2x.png */,
			);
			path = Images;
			sourceTree = "<group>";
		};
		B44E72C21A1BCBA700B3F5EC /* QRCodeReader */ = {
			isa = PBXGroup;
			children = (
				B44E72C31A1BCBA700B3F5EC /* QRCodeReader.swift */,
				B44E72C41A1BCBA700B3F5EC /* ReaderView.swift */,
				B44E72C51A1BCBA700B3F5EC /* SwitchCameraButton.swift */,
			);
			path = QRCodeReader;
			sourceTree = "<group>";
		};
		B48DB7B71A1B8216002FBD16 /* QR */ = {
			isa = PBXGroup;
			children = (
				B48DB7B81A1B8216002FBD16 /* libqrencode */,
				B48DB7C71A1B8216002FBD16 /* UIImage+MDQRCode.h */,
				B48DB7C81A1B8216002FBD16 /* UIImage+MDQRCode.m */,
			);
			path = QR;
			sourceTree = "<group>";
		};
		B48DB7B81A1B8216002FBD16 /* libqrencode */ = {
			isa = PBXGroup;
			children = (
				B48DB7B91A1B8216002FBD16 /* bitstream.c */,
				B48DB7BA1A1B8216002FBD16 /* bitstream.h */,
				B48DB7BB1A1B8216002FBD16 /* mask.c */,
				B48DB7BC1A1B8216002FBD16 /* mask.h */,
				B48DB7BD1A1B8216002FBD16 /* qrencode.c */,
				B48DB7BE1A1B8216002FBD16 /* qrencode.h */,
				B48DB7BF1A1B8216002FBD16 /* qrinput.c */,
				B48DB7C01A1B8216002FBD16 /* qrinput.h */,
				B48DB7C11A1B8216002FBD16 /* qrspec.c */,
				B48DB7C21A1B8216002FBD16 /* qrspec.h */,
				B48DB7C31A1B8216002FBD16 /* rscode.c */,
				B48DB7C41A1B8216002FBD16 /* rscode.h */,
				B48DB7C51A1B8216002FBD16 /* split.c */,
				B48DB7C61A1B8216002FBD16 /* split.h */,
			);
			path = libqrencode;
			sourceTree = "<group>";
		};
/* End PBXGroup section */

/* Begin PBXNativeTarget section */
		B41CB0111A19565E004A5908 /* Coinvert */ = {
			isa = PBXNativeTarget;
			buildConfigurationList = B41CB0311A19565E004A5908 /* Build configuration list for PBXNativeTarget "Coinvert" */;
			buildPhases = (
				B41CB00E1A19565E004A5908 /* Sources */,
				B41CB00F1A19565E004A5908 /* Frameworks */,
				B41CB0101A19565E004A5908 /* Resources */,
				B45352E31A35457700CF2A0A /* ShellScript */,
			);
			buildRules = (
			);
			dependencies = (
			);
			name = Coinvert;
			productName = Coinvert;
			productReference = B41CB0121A19565E004A5908 /* Coinvert.app */;
			productType = "com.apple.product-type.application";
		};
/* End PBXNativeTarget section */

/* Begin PBXProject section */
		B41CB00A1A19565E004A5908 /* Project object */ = {
			isa = PBXProject;
			attributes = {
				LastUpgradeCheck = 0610;
				ORGANIZATIONNAME = "Joshua Hendershot";
				TargetAttributes = {
					B41CB0111A19565E004A5908 = {
						CreatedOnToolsVersion = 6.1;
						DevelopmentTeam = BN9F9Y233Y;
					};
				};
			};
			buildConfigurationList = B41CB00D1A19565E004A5908 /* Build configuration list for PBXProject "Coinvert" */;
			compatibilityVersion = "Xcode 3.2";
			developmentRegion = English;
			hasScannedForEncodings = 0;
			knownRegions = (
				en,
				Base,
			);
			mainGroup = B41CB0091A19565E004A5908;
			productRefGroup = B41CB0131A19565E004A5908 /* Products */;
			projectDirPath = "";
			projectRoot = "";
			targets = (
				B41CB0111A19565E004A5908 /* Coinvert */,
			);
		};
/* End PBXProject section */

/* Begin PBXResourcesBuildPhase section */
		B41CB0101A19565E004A5908 /* Resources */ = {
			isa = PBXResourcesBuildPhase;
			buildActionMask = 2147483647;
			files = (
				B453530B1A36097200CF2A0A /* switch@2x.png in Resources */,
				B45352F51A35FC5200CF2A0A /* depositCopied@2x.png in Resources */,
				B45353231A38830700CF2A0A /* txButton@2x.png in Resources */,
				B45352CB1A32B6CF00CF2A0A /* peercoin.png in Resources */,
				B45352C71A32B4AB00CF2A0A /* blackcoin.png in Resources */,
				B45352E01A34E2C100CF2A0A /* iPhone3.5.storyboard in Resources */,
				B45352FD1A35FF8F00CF2A0A /* info@2x.png in Resources */,
				B42B52B81A2FEDAB002CBA91 /* RacingSansOne-Regular copy.otf in Resources */,
				B45353251A3883DA00CF2A0A /* cover@2x.png in Resources */,
				B45352FF1A35FFD500CF2A0A /* cancel@2x.png in Resources */,
				B45353271A38872000CF2A0A /* airstrike.ttf in Resources */,
				B45352F71A35FD6400CF2A0A /* copy@2x.png in Resources */,
				B45353011A36045D00CF2A0A /* donatepopup@2x.png in Resources */,
				B45352C21A32B4AB00CF2A0A /* dogecoin.png in Resources */,
				B45352DE1A34E2A600CF2A0A /* iPhone4.0.storyboard in Resources */,
				B45352C31A32B4AB00CF2A0A /* litecoin.png in Resources */,
				B41CB01D1A19565E004A5908 /* iPhone4.7.storyboard in Resources */,
				B41CB0221A19565E004A5908 /* LaunchScreen.xib in Resources */,
				B453531F1A37643300CF2A0A /* qr1@2x.png in Resources */,
				B42B52E01A30288F002CBA91 /* colors.png in Resources */,
				B42B52C61A300355002CBA91 /* Down.png in Resources */,
				B45352CF1A32F90B00CF2A0A /* sendbg.png in Resources */,
				B45352C51A32B4AB00CF2A0A /* darkcoin.png in Resources */,
				B42B530C1A312A3E002CBA91 /* popup.png in Resources */,
				B45352F91A35FDB800CF2A0A /* copied@2x.png in Resources */,
				B45352C61A32B4AB00CF2A0A /* bitcoin.png in Resources */,
				B45352E91A354E6700CF2A0A /* donationpopup.png in Resources */,
				B42B52F61A30BA89002CBA91 /* sendscreen.png in Resources */,
				B45352E21A34E3D000CF2A0A /* iPad.storyboard in Resources */,
				B45352EF1A35F7EF00CF2A0A /* popuptest@2x.png in Resources */,
				B45352C81A32B4AB00CF2A0A /* feathercoin.png in Resources */,
				B45352FB1A35FEC700CF2A0A /* cxl@2x.png in Resources */,
				B45352CD1A32F8E000CF2A0A /* middlearrow.png in Resources */,
				B45353211A38828200CF2A0A /* launchscreen.png in Resources */,
				B41CB01F1A19565E004A5908 /* Images.xcassets in Resources */,
				B42B52D01A301552002CBA91 /* coinvert.png in Resources */,
				B45352DC1A34E21900CF2A0A /* iPhone5.5.storyboard in Resources */,
				B45352C41A32B4AB00CF2A0A /* namecoin.png in Resources */,
				B45352F31A35FBF100CF2A0A /* depositAmountCopied@2x.png in Resources */,
			);
			runOnlyForDeploymentPostprocessing = 0;
		};
/* End PBXResourcesBuildPhase section */

/* Begin PBXShellScriptBuildPhase section */
		B45352E31A35457700CF2A0A /* ShellScript */ = {
			isa = PBXShellScriptBuildPhase;
			buildActionMask = 2147483647;
			files = (
			);
			inputPaths = (
			);
			outputPaths = (
			);
			runOnlyForDeploymentPostprocessing = 0;
			shellPath = /bin/sh;
			shellScript = "./Crashlytics.framework/run 8ef04d6ce4e7a8d7079296fd9227b7d3e87ec366 f99f8b9bd84615af3a76f4e97026fdb9dd62979bc82453ebd6fd9a280b7f26fe";
		};
/* End PBXShellScriptBuildPhase section */

/* Begin PBXSourcesBuildPhase section */
		B41CB00E1A19565E004A5908 /* Sources */ = {
			isa = PBXSourcesBuildPhase;
			buildActionMask = 2147483647;
			files = (
				B41CB03A1A1A5059004A5908 /* TransitionManager.swift in Sources */,
				B44E72C71A1BCBA700B3F5EC /* ReaderView.swift in Sources */,
				B48DB7CE1A1B8216002FBD16 /* rscode.c in Sources */,
				B44E72C61A1BCBA700B3F5EC /* QRCodeReader.swift in Sources */,
				B41CB04D1A1A5BE9004A5908 /* MenuViewController.swift in Sources */,
				B48DB7CB1A1B8216002FBD16 /* qrencode.c in Sources */,
				B41CB0511A1A9C18004A5908 /* MenuTransitionManager2.swift in Sources */,
				B41CB04F1A1A9934004A5908 /* MenuViewController2.swift in Sources */,
				B48DB7D01A1B8216002FBD16 /* UIImage+MDQRCode.m in Sources */,
				B41CB01A1A19565E004A5908 /* ViewController.swift in Sources */,
				B44E72C81A1BCBA700B3F5EC /* SwitchCameraButton.swift in Sources */,
				B41CB0381A1A5046004A5908 /* MenuTransitionManager.swift in Sources */,
				B48DB7CD1A1B8216002FBD16 /* qrspec.c in Sources */,
				B48DB7CA1A1B8216002FBD16 /* mask.c in Sources */,
				B41CB0181A19565E004A5908 /* AppDelegate.swift in Sources */,
				B48DB7D91A1B8401002FBD16 /* SendViewController.swift in Sources */,
				B48DB7CC1A1B8216002FBD16 /* qrinput.c in Sources */,
				B48DB7CF1A1B8216002FBD16 /* split.c in Sources */,
				B48DB7C91A1B8216002FBD16 /* bitstream.c in Sources */,
			);
			runOnlyForDeploymentPostprocessing = 0;
		};
/* End PBXSourcesBuildPhase section */

/* Begin PBXVariantGroup section */
		B41CB01B1A19565E004A5908 /* iPhone4.7.storyboard */ = {
			isa = PBXVariantGroup;
			children = (
				B41CB01C1A19565E004A5908 /* Base */,
			);
			name = iPhone4.7.storyboard;
			sourceTree = "<group>";
		};
		B41CB0201A19565E004A5908 /* LaunchScreen.xib */ = {
			isa = PBXVariantGroup;
			children = (
				B41CB0211A19565E004A5908 /* Base */,
			);
			name = LaunchScreen.xib;
			sourceTree = "<group>";
		};
/* End PBXVariantGroup section */

/* Begin XCBuildConfiguration section */
		B41CB02F1A19565E004A5908 /* Debug */ = {
			isa = XCBuildConfiguration;
			buildSettings = {
				ALWAYS_SEARCH_USER_PATHS = NO;
				CLANG_CXX_LANGUAGE_STANDARD = "gnu++0x";
				CLANG_CXX_LIBRARY = "libc++";
				CLANG_ENABLE_MODULES = YES;
				CLANG_ENABLE_OBJC_ARC = YES;
				CLANG_WARN_BOOL_CONVERSION = YES;
				CLANG_WARN_CONSTANT_CONVERSION = YES;
				CLANG_WARN_DIRECT_OBJC_ISA_USAGE = YES_ERROR;
				CLANG_WARN_EMPTY_BODY = YES;
				CLANG_WARN_ENUM_CONVERSION = YES;
				CLANG_WARN_INT_CONVERSION = YES;
				CLANG_WARN_OBJC_ROOT_CLASS = YES_ERROR;
				CLANG_WARN_UNREACHABLE_CODE = YES;
				CLANG_WARN__DUPLICATE_METHOD_MATCH = YES;
				"CODE_SIGN_IDENTITY[sdk=iphoneos*]" = "iPhone Developer";
				COPY_PHASE_STRIP = NO;
				ENABLE_STRICT_OBJC_MSGSEND = YES;
				GCC_C_LANGUAGE_STANDARD = gnu99;
				GCC_DYNAMIC_NO_PIC = NO;
				GCC_OPTIMIZATION_LEVEL = 0;
				GCC_PREPROCESSOR_DEFINITIONS = (
					"DEBUG=1",
					"$(inherited)",
				);
				GCC_SYMBOLS_PRIVATE_EXTERN = NO;
				GCC_WARN_64_TO_32_BIT_CONVERSION = YES;
				GCC_WARN_ABOUT_RETURN_TYPE = YES_ERROR;
				GCC_WARN_UNDECLARED_SELECTOR = YES;
				GCC_WARN_UNINITIALIZED_AUTOS = YES_AGGRESSIVE;
				GCC_WARN_UNUSED_FUNCTION = YES;
				GCC_WARN_UNUSED_VARIABLE = YES;
				IPHONEOS_DEPLOYMENT_TARGET = 8.0;
				MTL_ENABLE_DEBUG_INFO = YES;
				ONLY_ACTIVE_ARCH = YES;
				SDKROOT = iphoneos;
				SWIFT_OPTIMIZATION_LEVEL = "-Onone";
			};
			name = Debug;
		};
		B41CB0301A19565E004A5908 /* Release */ = {
			isa = XCBuildConfiguration;
			buildSettings = {
				ALWAYS_SEARCH_USER_PATHS = NO;
				CLANG_CXX_LANGUAGE_STANDARD = "gnu++0x";
				CLANG_CXX_LIBRARY = "libc++";
				CLANG_ENABLE_MODULES = YES;
				CLANG_ENABLE_OBJC_ARC = YES;
				CLANG_WARN_BOOL_CONVERSION = YES;
				CLANG_WARN_CONSTANT_CONVERSION = YES;
				CLANG_WARN_DIRECT_OBJC_ISA_USAGE = YES_ERROR;
				CLANG_WARN_EMPTY_BODY = YES;
				CLANG_WARN_ENUM_CONVERSION = YES;
				CLANG_WARN_INT_CONVERSION = YES;
				CLANG_WARN_OBJC_ROOT_CLASS = YES_ERROR;
				CLANG_WARN_UNREACHABLE_CODE = YES;
				CLANG_WARN__DUPLICATE_METHOD_MATCH = YES;
				"CODE_SIGN_IDENTITY[sdk=iphoneos*]" = "iPhone Developer";
				COPY_PHASE_STRIP = YES;
				ENABLE_NS_ASSERTIONS = NO;
				ENABLE_STRICT_OBJC_MSGSEND = YES;
				GCC_C_LANGUAGE_STANDARD = gnu99;
				GCC_WARN_64_TO_32_BIT_CONVERSION = YES;
				GCC_WARN_ABOUT_RETURN_TYPE = YES_ERROR;
				GCC_WARN_UNDECLARED_SELECTOR = YES;
				GCC_WARN_UNINITIALIZED_AUTOS = YES_AGGRESSIVE;
				GCC_WARN_UNUSED_FUNCTION = YES;
				GCC_WARN_UNUSED_VARIABLE = YES;
				IPHONEOS_DEPLOYMENT_TARGET = 8.0;
				MTL_ENABLE_DEBUG_INFO = NO;
				SDKROOT = iphoneos;
				VALIDATE_PRODUCT = YES;
			};
			name = Release;
		};
		B41CB0321A19565E004A5908 /* Debug */ = {
			isa = XCBuildConfiguration;
			buildSettings = {
				ASSETCATALOG_COMPILER_APPICON_NAME = AppIcon;
				CODE_SIGN_IDENTITY = "iPhone Developer";
				FRAMEWORK_SEARCH_PATHS = (
					"$(inherited)",
					"$(PROJECT_DIR)/Coinvert",
				);
				INFOPLIST_FILE = Coinvert/Info.plist;
				IPHONEOS_DEPLOYMENT_TARGET = 8.0;
				LD_RUNPATH_SEARCH_PATHS = "$(inherited) @executable_path/Frameworks";
				PRODUCT_NAME = "$(TARGET_NAME)";
				SWIFT_OBJC_BRIDGING_HEADER = "/Users/midniteslide/_github/Coinvert/Coinvert/Coinvert-Bridging-Header.h";
			};
			name = Debug;
		};
		B41CB0331A19565E004A5908 /* Release */ = {
			isa = XCBuildConfiguration;
			buildSettings = {
				ASSETCATALOG_COMPILER_APPICON_NAME = AppIcon;
				CODE_SIGN_IDENTITY = "iPhone Developer";
				FRAMEWORK_SEARCH_PATHS = (
					"$(inherited)",
					"$(PROJECT_DIR)/Coinvert",
				);
				INFOPLIST_FILE = Coinvert/Info.plist;
				IPHONEOS_DEPLOYMENT_TARGET = 8.0;
				LD_RUNPATH_SEARCH_PATHS = "$(inherited) @executable_path/Frameworks";
				PRODUCT_NAME = "$(TARGET_NAME)";
				SWIFT_OBJC_BRIDGING_HEADER = "/Users/midniteslide/_github/Coinvert/Coinvert/Coinvert-Bridging-Header.h";
			};
			name = Release;
		};
/* End XCBuildConfiguration section */

/* Begin XCConfigurationList section */
		B41CB00D1A19565E004A5908 /* Build configuration list for PBXProject "Coinvert" */ = {
			isa = XCConfigurationList;
			buildConfigurations = (
				B41CB02F1A19565E004A5908 /* Debug */,
				B41CB0301A19565E004A5908 /* Release */,
			);
			defaultConfigurationIsVisible = 0;
			defaultConfigurationName = Release;
		};
		B41CB0311A19565E004A5908 /* Build configuration list for PBXNativeTarget "Coinvert" */ = {
			isa = XCConfigurationList;
			buildConfigurations = (
				B41CB0321A19565E004A5908 /* Debug */,
				B41CB0331A19565E004A5908 /* Release */,
			);
			defaultConfigurationIsVisible = 0;
			defaultConfigurationName = Release;
		};
/* End XCConfigurationList section */
	};
	rootObject = B41CB00A1A19565E004A5908 /* Project object */;
}
